{
  "originHash" : "d87441dce57472b7737137e4805a114232cf67205670ab323679e0647c5fdd8b",
  "pins" : [
    {
      "identity" : "gltfkit2",
      "kind" : "remoteSourceControl",
      "location" : "https://github.com/warrenm/GLTFKit2.git",
      "state" : {
        "revision" : "fb33ea7832e730842522018709ebcf2e3d9dcf44",
        "version" : "0.5.12"
      }
    },
    {
      "identity" : "kingfisher",
      "kind" : "remoteSourceControl",
      "location" : "https://github.com/onevcat/Kingfisher.git",
      "state" : {
        "revision" : "010a06c4387cea2d13606222b6c08e0454e6dd2d",
        "version" : "8.3.3"
      }
    },
    {
      "identity" : "voltaserve-core",
      "kind" : "remoteSourceControl",
      "location" : "https://github.com/kouprlabs/voltaserve-core.git",
      "state" : {
        "branch" : "main",
        "revision" : "c3e9c9a4879def8415de11d9efb2245bbbceeb67"
      }
    }
  ],
  "version" : 3
}
