{
  "originHash" : "dc0e12f50f05638be1d9edf51be55e7198c8ac1f9b7d9a9b0ca92b774eb8ae97",
  "pins" : [
    {
      "identity" : "gltfkit2",
      "kind" : "remoteSourceControl",
      "location" : "https://github.com/warrenm/GLTFKit2.git",
      "state" : {
        "revision" : "9560ee71d9741429336b19866a242061d65d1afd",
        "version" : "0.5.13"
      }
    },
    {
      "identity" : "kingfisher",
      "kind" : "remoteSourceControl",
      "location" : "https://github.com/onevcat/Kingfisher.git",
      "state" : {
        "revision" : "010a06c4387cea2d13606222b6c08e0454e6dd2d",
        "version" : "8.3.3"
      }
    },
    {
      "identity" : "voltaserve-core",
      "kind" : "remoteSourceControl",
      "location" : "https://github.com/kouprlabs/voltaserve-core.git",
      "state" : {
        "branch" : "main",
        "revision" : "99a8e4371e51a0310f5c91527623dbab7a272368"
      }
    }
  ],
  "version" : 3
}
