// !$*UTF8*$!
{
	archiveVersion = 1;
	classes = {
	};
	objectVersion = 70;
	objects = {

/* Begin PBXBuildFile section */
		891C72622D876EC4001A4EBB /* VoltaserveCore in Frameworks */ = {isa = PBXBuildFile; productRef = 891C72612D876EC4001A4EBB /* VoltaserveCore */; };
		892D8AE72D8763AC00FCA879 /* VoltaserveCore in Frameworks */ = {isa = PBXBuildFile; productRef = 892D8AE62D8763AC00FCA879 /* VoltaserveCore */; };
		892D8AEA2D87643100FCA879 /* VoltaserveCore in Frameworks */ = {isa = PBXBuildFile; productRef = 892D8AE92D87643100FCA879 /* VoltaserveCore */; };
		892D8B0F2D8765D600FCA879 /* VoltaserveCore in Frameworks */ = {isa = PBXBuildFile; productRef = 892D8B0E2D8765D600FCA879 /* VoltaserveCore */; };
		892D8B222D87679E00FCA879 /* VoltaserveCore in Frameworks */ = {isa = PBXBuildFile; productRef = 892D8B212D87679E00FCA879 /* VoltaserveCore */; };
		892D8B252D87680D00FCA879 /* VoltaserveCore in Frameworks */ = {isa = PBXBuildFile; productRef = 892D8B242D87680D00FCA879 /* VoltaserveCore */; };
		892D8B3F2D87684600FCA879 /* VoltaserveApp.swift in Sources */ = {isa = PBXBuildFile; fileRef = 892D8B3E2D87684600FCA879 /* VoltaserveApp.swift */; };
		892D8B482D87685400FCA879 /* VoltaserveCore in Frameworks */ = {isa = PBXBuildFile; productRef = 892D8B472D87685400FCA879 /* VoltaserveCore */; };
		89300BB62D8761AA0083E871 /* VoltaserveCore in Frameworks */ = {isa = PBXBuildFile; productRef = 89300BB52D8761AA0083E871 /* VoltaserveCore */; };
		893CA8BF2D876A910003CFC9 /* VoltaserveCore in Frameworks */ = {isa = PBXBuildFile; productRef = 893CA8BE2D876A910003CFC9 /* VoltaserveCore */; };
		893CA8CA2D876B300003CFC9 /* VoltaserveCore in Frameworks */ = {isa = PBXBuildFile; productRef = 893CA8C92D876B300003CFC9 /* VoltaserveCore */; };
		89FDB5672D87737000EF8593 /* Assets.xcassets in Resources */ = {isa = PBXBuildFile; fileRef = 89FDB5662D87737000EF8593 /* Assets.xcassets */; };
/* End PBXBuildFile section */

/* Begin PBXFileReference section */
		649066DE2C5E35AD00BA3CCD /* Voltaserve.app */ = {isa = PBXFileReference; explicitFileType = wrapper.application; includeInIndex = 0; path = Voltaserve.app; sourceTree = BUILT_PRODUCTS_DIR; };
		892D8B3E2D87684600FCA879 /* VoltaserveApp.swift */ = {isa = PBXFileReference; lastKnownFileType = sourcecode.swift; path = VoltaserveApp.swift; sourceTree = "<group>"; };
		898493C92DA9DC31009946BF /* Voltaserve.entitlements */ = {isa = PBXFileReference; lastKnownFileType = text.plist.entitlements; path = Voltaserve.entitlements; sourceTree = "<group>"; };
		89FDB5662D87737000EF8593 /* Assets.xcassets */ = {isa = PBXFileReference; lastKnownFileType = folder.assetcatalog; path = Assets.xcassets; sourceTree = "<group>"; };
/* End PBXFileReference section */

/* Begin PBXFileSystemSynchronizedRootGroup section */
		89695FFB2D8776CA000DE6EA /* Fonts */ = {isa = PBXFileSystemSynchronizedRootGroup; explicitFileTypes = {}; explicitFolders = (); path = Fonts; sourceTree = "<group>"; };
		89FDB5692D87739100EF8593 /* Preview Content */ = {isa = PBXFileSystemSynchronizedRootGroup; explicitFileTypes = {}; explicitFolders = (); path = "Preview Content"; sourceTree = "<group>"; };
/* End PBXFileSystemSynchronizedRootGroup section */

/* Begin PBXFrameworksBuildPhase section */
		649066DB2C5E35AD00BA3CCD /* Frameworks */ = {
			isa = PBXFrameworksBuildPhase;
			buildActionMask = 2147483647;
			files = (
				89300BB62D8761AA0083E871 /* VoltaserveCore in Frameworks */,
				892D8B222D87679E00FCA879 /* VoltaserveCore in Frameworks */,
				893CA8CA2D876B300003CFC9 /* VoltaserveCore in Frameworks */,
				893CA8BF2D876A910003CFC9 /* VoltaserveCore in Frameworks */,
				892D8B482D87685400FCA879 /* VoltaserveCore in Frameworks */,
				892D8B252D87680D00FCA879 /* VoltaserveCore in Frameworks */,
				891C72622D876EC4001A4EBB /* VoltaserveCore in Frameworks */,
				892D8AE72D8763AC00FCA879 /* VoltaserveCore in Frameworks */,
				892D8B0F2D8765D600FCA879 /* VoltaserveCore in Frameworks */,
				892D8AEA2D87643100FCA879 /* VoltaserveCore in Frameworks */,
			);
			runOnlyForDeploymentPostprocessing = 0;
		};
/* End PBXFrameworksBuildPhase section */

/* Begin PBXGroup section */
		649066D52C5E35AD00BA3CCD = {
			isa = PBXGroup;
			children = (
				898493C92DA9DC31009946BF /* Voltaserve.entitlements */,
				89695FFB2D8776CA000DE6EA /* Fonts */,
				89FDB5662D87737000EF8593 /* Assets.xcassets */,
				89FDB5692D87739100EF8593 /* Preview Content */,
				892D8B3E2D87684600FCA879 /* VoltaserveApp.swift */,
				649066DF2C5E35AD00BA3CCD /* Products */,
			);
			sourceTree = "<group>";
		};
		649066DF2C5E35AD00BA3CCD /* Products */ = {
			isa = PBXGroup;
			children = (
				649066DE2C5E35AD00BA3CCD /* Voltaserve.app */,
			);
			name = Products;
			sourceTree = "<group>";
		};
/* End PBXGroup section */

/* Begin PBXNativeTarget section */
		649066DD2C5E35AD00BA3CCD /* Voltaserve */ = {
			isa = PBXNativeTarget;
			buildConfigurationList = 649066EC2C5E35AE00BA3CCD /* Build configuration list for PBXNativeTarget "Voltaserve" */;
			buildPhases = (
				649066DA2C5E35AD00BA3CCD /* Sources */,
				649066DB2C5E35AD00BA3CCD /* Frameworks */,
				649066DC2C5E35AD00BA3CCD /* Resources */,
			);
			buildRules = (
			);
			dependencies = (
			);
			fileSystemSynchronizedGroups = (
				89695FFB2D8776CA000DE6EA /* Fonts */,
				89FDB5692D87739100EF8593 /* Preview Content */,
			);
			name = Voltaserve;
			packageProductDependencies = (
				89300BB52D8761AA0083E871 /* VoltaserveCore */,
				892D8AE62D8763AC00FCA879 /* VoltaserveCore */,
				892D8AE92D87643100FCA879 /* VoltaserveCore */,
				892D8B0E2D8765D600FCA879 /* VoltaserveCore */,
				892D8B212D87679E00FCA879 /* VoltaserveCore */,
				892D8B242D87680D00FCA879 /* VoltaserveCore */,
				892D8B472D87685400FCA879 /* VoltaserveCore */,
				893CA8BE2D876A910003CFC9 /* VoltaserveCore */,
				893CA8C92D876B300003CFC9 /* VoltaserveCore */,
				891C72612D876EC4001A4EBB /* VoltaserveCore */,
			);
			productName = Voltaserve;
			productReference = 649066DE2C5E35AD00BA3CCD /* Voltaserve.app */;
			productType = "com.apple.product-type.application";
		};
/* End PBXNativeTarget section */

/* Begin PBXProject section */
		649066D62C5E35AD00BA3CCD /* Project object */ = {
			isa = PBXProject;
			attributes = {
				BuildIndependentTargetsInParallel = 1;
				LastSwiftUpdateCheck = 1540;
				LastUpgradeCheck = 1630;
				TargetAttributes = {
					649066DD2C5E35AD00BA3CCD = {
						CreatedOnToolsVersion = 15.4;
						LastSwiftMigration = 1620;
					};
				};
			};
			buildConfigurationList = 649066D92C5E35AD00BA3CCD /* Build configuration list for PBXProject "Voltaserve" */;
			compatibilityVersion = "Xcode 14.0";
			developmentRegion = en;
			hasScannedForEncodings = 0;
			knownRegions = (
				en,
				Base,
			);
			mainGroup = 649066D52C5E35AD00BA3CCD;
			packageReferences = (
				891C72602D876EC4001A4EBB /* XCLocalSwiftPackageReference "../voltaserve-ios" */,
			);
			productRefGroup = 649066DF2C5E35AD00BA3CCD /* Products */;
			projectDirPath = "";
			projectRoot = "";
			targets = (
				649066DD2C5E35AD00BA3CCD /* Voltaserve */,
			);
		};
/* End PBXProject section */

/* Begin PBXResourcesBuildPhase section */
		649066DC2C5E35AD00BA3CCD /* Resources */ = {
			isa = PBXResourcesBuildPhase;
			buildActionMask = 2147483647;
			files = (
				89FDB5672D87737000EF8593 /* Assets.xcassets in Resources */,
			);
			runOnlyForDeploymentPostprocessing = 0;
		};
/* End PBXResourcesBuildPhase section */

/* Begin PBXSourcesBuildPhase section */
		649066DA2C5E35AD00BA3CCD /* Sources */ = {
			isa = PBXSourcesBuildPhase;
			buildActionMask = 2147483647;
			files = (
				892D8B3F2D87684600FCA879 /* VoltaserveApp.swift in Sources */,
			);
			runOnlyForDeploymentPostprocessing = 0;
		};
/* End PBXSourcesBuildPhase section */

/* Begin XCBuildConfiguration section */
		649066EA2C5E35AE00BA3CCD /* Debug */ = {
			isa = XCBuildConfiguration;
			buildSettings = {
				ALWAYS_SEARCH_USER_PATHS = NO;
				ASSETCATALOG_COMPILER_GENERATE_SWIFT_ASSET_SYMBOL_EXTENSIONS = YES;
				CLANG_ANALYZER_NONNULL = YES;
				CLANG_ANALYZER_NUMBER_OBJECT_CONVERSION = YES_AGGRESSIVE;
				CLANG_CXX_LANGUAGE_STANDARD = "gnu++20";
				CLANG_ENABLE_MODULES = YES;
				CLANG_ENABLE_OBJC_ARC = YES;
				CLANG_ENABLE_OBJC_WEAK = YES;
				CLANG_WARN_BLOCK_CAPTURE_AUTORELEASING = YES;
				CLANG_WARN_BOOL_CONVERSION = YES;
				CLANG_WARN_COMMA = YES;
				CLANG_WARN_CONSTANT_CONVERSION = YES;
				CLANG_WARN_DEPRECATED_OBJC_IMPLEMENTATIONS = YES;
				CLANG_WARN_DIRECT_OBJC_ISA_USAGE = YES_ERROR;
				CLANG_WARN_DOCUMENTATION_COMMENTS = YES;
				CLANG_WARN_EMPTY_BODY = YES;
				CLANG_WARN_ENUM_CONVERSION = YES;
				CLANG_WARN_INFINITE_RECURSION = YES;
				CLANG_WARN_INT_CONVERSION = YES;
				CLANG_WARN_NON_LITERAL_NULL_CONVERSION = YES;
				CLANG_WARN_OBJC_IMPLICIT_RETAIN_SELF = YES;
				CLANG_WARN_OBJC_LITERAL_CONVERSION = YES;
				CLANG_WARN_OBJC_ROOT_CLASS = YES_ERROR;
				CLANG_WARN_QUOTED_INCLUDE_IN_FRAMEWORK_HEADER = YES;
				CLANG_WARN_RANGE_LOOP_ANALYSIS = YES;
				CLANG_WARN_STRICT_PROTOTYPES = YES;
				CLANG_WARN_SUSPICIOUS_MOVE = YES;
				CLANG_WARN_UNGUARDED_AVAILABILITY = YES_AGGRESSIVE;
				CLANG_WARN_UNREACHABLE_CODE = YES;
				CLANG_WARN__DUPLICATE_METHOD_MATCH = YES;
				COPY_PHASE_STRIP = NO;
				DEBUG_INFORMATION_FORMAT = dwarf;
				DEVELOPMENT_TEAM = 945C8BFVW3;
				ENABLE_STRICT_OBJC_MSGSEND = YES;
				ENABLE_TESTABILITY = YES;
				ENABLE_USER_SCRIPT_SANDBOXING = YES;
				GCC_C_LANGUAGE_STANDARD = gnu17;
				GCC_DYNAMIC_NO_PIC = NO;
				GCC_NO_COMMON_BLOCKS = YES;
				GCC_OPTIMIZATION_LEVEL = 0;
				GCC_PREPROCESSOR_DEFINITIONS = (
					"DEBUG=1",
					"$(inherited)",
				);
				GCC_WARN_64_TO_32_BIT_CONVERSION = YES;
				GCC_WARN_ABOUT_RETURN_TYPE = YES_ERROR;
				GCC_WARN_UNDECLARED_SELECTOR = YES;
				GCC_WARN_UNINITIALIZED_AUTOS = YES_AGGRESSIVE;
				GCC_WARN_UNUSED_FUNCTION = YES;
				GCC_WARN_UNUSED_VARIABLE = YES;
				IPHONEOS_DEPLOYMENT_TARGET = 17.5;
				LOCALIZATION_PREFERS_STRING_CATALOGS = YES;
				MTL_ENABLE_DEBUG_INFO = INCLUDE_SOURCE;
				MTL_FAST_MATH = YES;
				ONLY_ACTIVE_ARCH = YES;
				SDKROOT = iphoneos;
				SWIFT_ACTIVE_COMPILATION_CONDITIONS = "DEBUG $(inherited)";
				SWIFT_OPTIMIZATION_LEVEL = "-Onone";
			};
			name = Debug;
		};
		649066EB2C5E35AE00BA3CCD /* Release */ = {
			isa = XCBuildConfiguration;
			buildSettings = {
				ALWAYS_SEARCH_USER_PATHS = NO;
				ASSETCATALOG_COMPILER_GENERATE_SWIFT_ASSET_SYMBOL_EXTENSIONS = YES;
				CLANG_ANALYZER_NONNULL = YES;
				CLANG_ANALYZER_NUMBER_OBJECT_CONVERSION = YES_AGGRESSIVE;
				CLANG_CXX_LANGUAGE_STANDARD = "gnu++20";
				CLANG_ENABLE_MODULES = YES;
				CLANG_ENABLE_OBJC_ARC = YES;
				CLANG_ENABLE_OBJC_WEAK = YES;
				CLANG_WARN_BLOCK_CAPTURE_AUTORELEASING = YES;
				CLANG_WARN_BOOL_CONVERSION = YES;
				CLANG_WARN_COMMA = YES;
				CLANG_WARN_CONSTANT_CONVERSION = YES;
				CLANG_WARN_DEPRECATED_OBJC_IMPLEMENTATIONS = YES;
				CLANG_WARN_DIRECT_OBJC_ISA_USAGE = YES_ERROR;
				CLANG_WARN_DOCUMENTATION_COMMENTS = YES;
				CLANG_WARN_EMPTY_BODY = YES;
				CLANG_WARN_ENUM_CONVERSION = YES;
				CLANG_WARN_INFINITE_RECURSION = YES;
				CLANG_WARN_INT_CONVERSION = YES;
				CLANG_WARN_NON_LITERAL_NULL_CONVERSION = YES;
				CLANG_WARN_OBJC_IMPLICIT_RETAIN_SELF = YES;
				CLANG_WARN_OBJC_LITERAL_CONVERSION = YES;
				CLANG_WARN_OBJC_ROOT_CLASS = YES_ERROR;
				CLANG_WARN_QUOTED_INCLUDE_IN_FRAMEWORK_HEADER = YES;
				CLANG_WARN_RANGE_LOOP_ANALYSIS = YES;
				CLANG_WARN_STRICT_PROTOTYPES = YES;
				CLANG_WARN_SUSPICIOUS_MOVE = YES;
				CLANG_WARN_UNGUARDED_AVAILABILITY = YES_AGGRESSIVE;
				CLANG_WARN_UNREACHABLE_CODE = YES;
				CLANG_WARN__DUPLICATE_METHOD_MATCH = YES;
				COPY_PHASE_STRIP = NO;
				DEBUG_INFORMATION_FORMAT = "dwarf-with-dsym";
				DEVELOPMENT_TEAM = 945C8BFVW3;
				ENABLE_NS_ASSERTIONS = NO;
				ENABLE_STRICT_OBJC_MSGSEND = YES;
				ENABLE_USER_SCRIPT_SANDBOXING = YES;
				GCC_C_LANGUAGE_STANDARD = gnu17;
				GCC_NO_COMMON_BLOCKS = YES;
				GCC_WARN_64_TO_32_BIT_CONVERSION = YES;
				GCC_WARN_ABOUT_RETURN_TYPE = YES_ERROR;
				GCC_WARN_UNDECLARED_SELECTOR = YES;
				GCC_WARN_UNINITIALIZED_AUTOS = YES_AGGRESSIVE;
				GCC_WARN_UNUSED_FUNCTION = YES;
				GCC_WARN_UNUSED_VARIABLE = YES;
				IPHONEOS_DEPLOYMENT_TARGET = 17.5;
				LOCALIZATION_PREFERS_STRING_CATALOGS = YES;
				MTL_ENABLE_DEBUG_INFO = NO;
				MTL_FAST_MATH = YES;
				SDKROOT = iphoneos;
				SWIFT_COMPILATION_MODE = wholemodule;
				VALIDATE_PRODUCT = YES;
			};
			name = Release;
		};
		649066ED2C5E35AE00BA3CCD /* Debug */ = {
			isa = XCBuildConfiguration;
			buildSettings = {
				ASSETCATALOG_COMPILER_APPICON_NAME = AppIcon;
				ASSETCATALOG_COMPILER_GLOBAL_ACCENT_COLOR_NAME = AccentColor;
				CLANG_ENABLE_MODULES = YES;
				CODE_SIGN_ENTITLEMENTS = Voltaserve.entitlements;
				CODE_SIGN_STYLE = Automatic;
				CURRENT_PROJECT_VERSION = 1;
				DEVELOPMENT_ASSET_PATHS = "\"Preview Content\"";
				ENABLE_PREVIEWS = YES;
				ENABLE_USER_SCRIPT_SANDBOXING = NO;
				GENERATE_INFOPLIST_FILE = YES;
				INFOPLIST_FILE = "Voltaserve-Info.plist";
				INFOPLIST_KEY_CFBundleDisplayName = Voltaserve;
				INFOPLIST_KEY_UIApplicationSceneManifest_Generation = YES;
				INFOPLIST_KEY_UIApplicationSupportsIndirectInputEvents = YES;
				INFOPLIST_KEY_UILaunchScreen_Generation = YES;
				INFOPLIST_KEY_UISupportedInterfaceOrientations_iPad = "UIInterfaceOrientationPortrait UIInterfaceOrientationPortraitUpsideDown UIInterfaceOrientationLandscapeLeft UIInterfaceOrientationLandscapeRight";
				INFOPLIST_KEY_UISupportedInterfaceOrientations_iPhone = "UIInterfaceOrientationPortrait UIInterfaceOrientationLandscapeLeft UIInterfaceOrientationLandscapeRight";
				IPHONEOS_DEPLOYMENT_TARGET = 18.0;
				LD_RUNPATH_SEARCH_PATHS = (
					"$(inherited)",
					"@executable_path/Frameworks",
				);
				MARKETING_VERSION = 1.0;
				PRODUCT_BUNDLE_IDENTIFIER = com.koupr.Voltaserve;
				PRODUCT_MODULE_NAME = "$(PRODUCT_NAME:c99extidentifier)App";
				PRODUCT_NAME = "$(TARGET_NAME)";
				SWIFT_EMIT_LOC_STRINGS = YES;
				SWIFT_OPTIMIZATION_LEVEL = "-Onone";
				SWIFT_VERSION = 5.0;
				TARGETED_DEVICE_FAMILY = "1,2";
			};
			name = Debug;
		};
		649066EE2C5E35AE00BA3CCD /* Release */ = {
			isa = XCBuildConfiguration;
			buildSettings = {
				ASSETCATALOG_COMPILER_APPICON_NAME = AppIcon;
				ASSETCATALOG_COMPILER_GLOBAL_ACCENT_COLOR_NAME = AccentColor;
				CLANG_ENABLE_MODULES = YES;
				CODE_SIGN_ENTITLEMENTS = Voltaserve.entitlements;
				CODE_SIGN_STYLE = Automatic;
				CURRENT_PROJECT_VERSION = 1;
				DEVELOPMENT_ASSET_PATHS = "\"Preview Content\"";
				ENABLE_PREVIEWS = YES;
				ENABLE_USER_SCRIPT_SANDBOXING = NO;
				GENERATE_INFOPLIST_FILE = YES;
				INFOPLIST_FILE = "Voltaserve-Info.plist";
				INFOPLIST_KEY_CFBundleDisplayName = Voltaserve;
				INFOPLIST_KEY_UIApplicationSceneManifest_Generation = YES;
				INFOPLIST_KEY_UIApplicationSupportsIndirectInputEvents = YES;
				INFOPLIST_KEY_UILaunchScreen_Generation = YES;
				INFOPLIST_KEY_UISupportedInterfaceOrientations_iPad = "UIInterfaceOrientationPortrait UIInterfaceOrientationPortraitUpsideDown UIInterfaceOrientationLandscapeLeft UIInterfaceOrientationLandscapeRight";
				INFOPLIST_KEY_UISupportedInterfaceOrientations_iPhone = "UIInterfaceOrientationPortrait UIInterfaceOrientationLandscapeLeft UIInterfaceOrientationLandscapeRight";
				IPHONEOS_DEPLOYMENT_TARGET = 18.0;
				LD_RUNPATH_SEARCH_PATHS = (
					"$(inherited)",
					"@executable_path/Frameworks",
				);
				MARKETING_VERSION = 1.0;
				PRODUCT_BUNDLE_IDENTIFIER = com.koupr.Voltaserve;
				PRODUCT_MODULE_NAME = "$(PRODUCT_NAME:c99extidentifier)App";
				PRODUCT_NAME = "$(TARGET_NAME)";
				SWIFT_EMIT_LOC_STRINGS = YES;
				SWIFT_VERSION = 5.0;
				TARGETED_DEVICE_FAMILY = "1,2";
			};
			name = Release;
		};
/* End XCBuildConfiguration section */

/* Begin XCConfigurationList section */
		649066D92C5E35AD00BA3CCD /* Build configuration list for PBXProject "Voltaserve" */ = {
			isa = XCConfigurationList;
			buildConfigurations = (
				649066EA2C5E35AE00BA3CCD /* Debug */,
				649066EB2C5E35AE00BA3CCD /* Release */,
			);
			defaultConfigurationIsVisible = 0;
			defaultConfigurationName = Release;
		};
		649066EC2C5E35AE00BA3CCD /* Build configuration list for PBXNativeTarget "Voltaserve" */ = {
			isa = XCConfigurationList;
			buildConfigurations = (
				649066ED2C5E35AE00BA3CCD /* Debug */,
				649066EE2C5E35AE00BA3CCD /* Release */,
			);
			defaultConfigurationIsVisible = 0;
			defaultConfigurationName = Release;
		};
/* End XCConfigurationList section */

/* Begin XCLocalSwiftPackageReference section */
		891C72602D876EC4001A4EBB /* XCLocalSwiftPackageReference "../voltaserve-ios" */ = {
			isa = XCLocalSwiftPackageReference;
			relativePath = "../voltaserve-ios";
		};
/* End XCLocalSwiftPackageReference section */

/* Begin XCSwiftPackageProductDependency section */
		891C72612D876EC4001A4EBB /* VoltaserveCore */ = {
			isa = XCSwiftPackageProductDependency;
			productName = VoltaserveCore;
		};
		892D8AE62D8763AC00FCA879 /* VoltaserveCore */ = {
			isa = XCSwiftPackageProductDependency;
			productName = VoltaserveCore;
		};
		892D8AE92D87643100FCA879 /* VoltaserveCore */ = {
			isa = XCSwiftPackageProductDependency;
			productName = VoltaserveCore;
		};
		892D8B0E2D8765D600FCA879 /* VoltaserveCore */ = {
			isa = XCSwiftPackageProductDependency;
			productName = VoltaserveCore;
		};
		892D8B212D87679E00FCA879 /* VoltaserveCore */ = {
			isa = XCSwiftPackageProductDependency;
			productName = VoltaserveCore;
		};
		892D8B242D87680D00FCA879 /* VoltaserveCore */ = {
			isa = XCSwiftPackageProductDependency;
			productName = VoltaserveCore;
		};
		892D8B472D87685400FCA879 /* VoltaserveCore */ = {
			isa = XCSwiftPackageProductDependency;
			productName = VoltaserveCore;
		};
		89300BB52D8761AA0083E871 /* VoltaserveCore */ = {
			isa = XCSwiftPackageProductDependency;
			productName = VoltaserveCore;
		};
		893CA8BE2D876A910003CFC9 /* VoltaserveCore */ = {
			isa = XCSwiftPackageProductDependency;
			productName = VoltaserveCore;
		};
		893CA8C92D876B300003CFC9 /* VoltaserveCore */ = {
			isa = XCSwiftPackageProductDependency;
			productName = VoltaserveCore;
		};
/* End XCSwiftPackageProductDependency section */
	};
	rootObject = 649066D62C5E35AD00BA3CCD /* Project object */;
}
