// !$*UTF8*$!
{
	archiveVersion = 1;
	classes = {
	};
	objectVersion = 56;
	objects = {

/* Begin PBXBuildFile section */
		5C1F40A22219589210260252 /* Assets.xcassets in Resources */ = {isa = PBXBuildFile; fileRef = 5C1F48B6B1BF7A16CD6812CE /* Assets.xcassets */; };
		5C1F45B626603B49F787FFAB /* AppDelegate.swift in Sources */ = {isa = PBXBuildFile; fileRef = 5C1F4161A3DC4E0ECE17366A /* AppDelegate.swift */; };
		5C1F4652414FA94069D208D3 /* ViewerBasicPDFViewController.swift in Sources */ = {isa = PBXBuildFile; fileRef = 5C1F49E7D419EBA332E61BB7 /* ViewerBasicPDFViewController.swift */; };
		5C1F47159D2AB0D3D26835DF /* Token.swift in Sources */ = {isa = PBXBuildFile; fileRef = 5C1F4D083B20CFBF37BFEE26 /* Token.swift */; };
		5C1F499E0006EF1B5D00EB20 /* ViewerMosaicViewController.swift in Sources */ = {isa = PBXBuildFile; fileRef = 5C1F427C195F5E197F2B5D0C /* ViewerMosaicViewController.swift */; };
		5C1F4B8273A23A9E0CE6288B /* LauncherViewController.swift in Sources */ = {isa = PBXBuildFile; fileRef = 5C1F4E9C506CEE6A1515DD0F /* LauncherViewController.swift */; };
		5C1F4D48ECD30FB728231D85 /* Viewer3DViewController.swift in Sources */ = {isa = PBXBuildFile; fileRef = 5C1F4D62E7993B8973427580 /* Viewer3DViewController.swift */; };
		5C1F4E64206FDC3B23D6977B /* ViewerPDFViewController.swift in Sources */ = {isa = PBXBuildFile; fileRef = 5C1F4203FF7280C88B7D83B4 /* ViewerPDFViewController.swift */; };
		5C1F4EC6763E83F3F7EA4038 /* Config.swift in Sources */ = {isa = PBXBuildFile; fileRef = 5C1F4BA7BEDC96E886272577 /* Config.swift */; };
		647B761E2C67DE9D0003E648 /* Viewer3DDocument.swift in Sources */ = {isa = PBXBuildFile; fileRef = 647B76052C67DE9D0003E648 /* Viewer3DDocument.swift */; };
		647B761F2C67DE9D0003E648 /* Viewer3DStore.swift in Sources */ = {isa = PBXBuildFile; fileRef = 647B76062C67DE9D0003E648 /* Viewer3DStore.swift */; };
		647B76202C67DE9D0003E648 /* Viewer3DView.swift in Sources */ = {isa = PBXBuildFile; fileRef = 647B76072C67DE9D0003E648 /* Viewer3DView.swift */; };
		647B76212C67DE9D0003E648 /* ViewerMosaicDocument.swift in Sources */ = {isa = PBXBuildFile; fileRef = 647B76092C67DE9D0003E648 /* ViewerMosaicDocument.swift */; };
		647B76222C67DE9D0003E648 /* ViewerMosaicStore.swift in Sources */ = {isa = PBXBuildFile; fileRef = 647B760A2C67DE9D0003E648 /* ViewerMosaicStore.swift */; };
		647B76232C67DE9D0003E648 /* ViewerMosaicView.swift in Sources */ = {isa = PBXBuildFile; fileRef = 647B760B2C67DE9D0003E648 /* ViewerMosaicView.swift */; };
		647B76242C67DE9D0003E648 /* ViewerBasicPDFDocument.swift in Sources */ = {isa = PBXBuildFile; fileRef = 647B760D2C67DE9D0003E648 /* ViewerBasicPDFDocument.swift */; };
		647B76252C67DE9D0003E648 /* ViewerBasicPDFStore.swift in Sources */ = {isa = PBXBuildFile; fileRef = 647B760E2C67DE9D0003E648 /* ViewerBasicPDFStore.swift */; };
		647B76262C67DE9D0003E648 /* ViewerBasicPDFView.swift in Sources */ = {isa = PBXBuildFile; fileRef = 647B760F2C67DE9D0003E648 /* ViewerBasicPDFView.swift */; };
		647B76272C67DE9D0003E648 /* ViewerBasicPDFViewContainer.swift in Sources */ = {isa = PBXBuildFile; fileRef = 647B76102C67DE9D0003E648 /* ViewerBasicPDFViewContainer.swift */; };
		647B76282C67DE9D0003E648 /* ViewerPDFDocument.swift in Sources */ = {isa = PBXBuildFile; fileRef = 647B76122C67DE9D0003E648 /* ViewerPDFDocument.swift */; };
		647B76292C67DE9D0003E648 /* ViewerPDFPageView.swift in Sources */ = {isa = PBXBuildFile; fileRef = 647B76132C67DE9D0003E648 /* ViewerPDFPageView.swift */; };
		647B762A2C67DE9D0003E648 /* ViewerPDFStore.swift in Sources */ = {isa = PBXBuildFile; fileRef = 647B76142C67DE9D0003E648 /* ViewerPDFStore.swift */; };
		647B762B2C67DE9D0003E648 /* ViewerPDFThumbnailListView.swift in Sources */ = {isa = PBXBuildFile; fileRef = 647B76152C67DE9D0003E648 /* ViewerPDFThumbnailListView.swift */; };
		647B762C2C67DE9D0003E648 /* ViewerPDFThumbnailListViewContainer.swift in Sources */ = {isa = PBXBuildFile; fileRef = 647B76162C67DE9D0003E648 /* ViewerPDFThumbnailListViewContainer.swift */; };
		647B762D2C67DE9D0003E648 /* ViewerPDFThumbnailView.swift in Sources */ = {isa = PBXBuildFile; fileRef = 647B76172C67DE9D0003E648 /* ViewerPDFThumbnailView.swift */; };
		647B762E2C67DE9D0003E648 /* ViewerPDFView.swift in Sources */ = {isa = PBXBuildFile; fileRef = 647B76182C67DE9D0003E648 /* ViewerPDFView.swift */; };
		647B762F2C67DE9D0003E648 /* ViewerPDFViewContainer.swift in Sources */ = {isa = PBXBuildFile; fileRef = 647B76192C67DE9D0003E648 /* ViewerPDFViewContainer.swift */; };
		647B76302C67DE9D0003E648 /* IdRandomizer.swift in Sources */ = {isa = PBXBuildFile; fileRef = 647B761C2C67DE9D0003E648 /* IdRandomizer.swift */; };
		647B76332C67DEB50003E648 /* GLTFKit2 in Frameworks */ = {isa = PBXBuildFile; productRef = 647B76322C67DEB50003E648 /* GLTFKit2 */; };
		647B76362C67DEC20003E648 /* Alamofire in Frameworks */ = {isa = PBXBuildFile; productRef = 647B76352C67DEC20003E648 /* Alamofire */; };
		64BDC3F82C67ED57005D3A81 /* ReSwift in Frameworks */ = {isa = PBXBuildFile; productRef = 64BDC3F72C67ED57005D3A81 /* ReSwift */; };
/* End PBXBuildFile section */

/* Begin PBXFileReference section */
		5C1F4161A3DC4E0ECE17366A /* AppDelegate.swift */ = {isa = PBXFileReference; fileEncoding = 4; lastKnownFileType = sourcecode.swift; path = AppDelegate.swift; sourceTree = "<group>"; };
		5C1F4203FF7280C88B7D83B4 /* ViewerPDFViewController.swift */ = {isa = PBXFileReference; fileEncoding = 4; lastKnownFileType = sourcecode.swift; path = ViewerPDFViewController.swift; sourceTree = "<group>"; };
		5C1F427C195F5E197F2B5D0C /* ViewerMosaicViewController.swift */ = {isa = PBXFileReference; fileEncoding = 4; lastKnownFileType = sourcecode.swift; path = ViewerMosaicViewController.swift; sourceTree = "<group>"; };
		5C1F46B4A92E220F8A4E5845 /* Info.plist */ = {isa = PBXFileReference; fileEncoding = 4; lastKnownFileType = text.plist.info; path = Info.plist; sourceTree = "<group>"; };
		5C1F48B6B1BF7A16CD6812CE /* Assets.xcassets */ = {isa = PBXFileReference; lastKnownFileType = folder.assetcatalog; path = Assets.xcassets; sourceTree = "<group>"; };
		5C1F49E7D419EBA332E61BB7 /* ViewerBasicPDFViewController.swift */ = {isa = PBXFileReference; fileEncoding = 4; lastKnownFileType = sourcecode.swift; path = ViewerBasicPDFViewController.swift; sourceTree = "<group>"; };
		5C1F4BA7BEDC96E886272577 /* Config.swift */ = {isa = PBXFileReference; fileEncoding = 4; lastKnownFileType = sourcecode.swift; path = Config.swift; sourceTree = "<group>"; };
		5C1F4D083B20CFBF37BFEE26 /* Token.swift */ = {isa = PBXFileReference; fileEncoding = 4; lastKnownFileType = sourcecode.swift; path = Token.swift; sourceTree = "<group>"; };
		5C1F4D62E7993B8973427580 /* Viewer3DViewController.swift */ = {isa = PBXFileReference; fileEncoding = 4; lastKnownFileType = sourcecode.swift; path = Viewer3DViewController.swift; sourceTree = "<group>"; };
		5C1F4E9C506CEE6A1515DD0F /* LauncherViewController.swift */ = {isa = PBXFileReference; fileEncoding = 4; lastKnownFileType = sourcecode.swift; path = LauncherViewController.swift; sourceTree = "<group>"; };
		647B76052C67DE9D0003E648 /* Viewer3DDocument.swift */ = {isa = PBXFileReference; fileEncoding = 4; lastKnownFileType = sourcecode.swift; path = Viewer3DDocument.swift; sourceTree = "<group>"; };
		647B76062C67DE9D0003E648 /* Viewer3DStore.swift */ = {isa = PBXFileReference; fileEncoding = 4; lastKnownFileType = sourcecode.swift; path = Viewer3DStore.swift; sourceTree = "<group>"; };
		647B76072C67DE9D0003E648 /* Viewer3DView.swift */ = {isa = PBXFileReference; fileEncoding = 4; lastKnownFileType = sourcecode.swift; path = Viewer3DView.swift; sourceTree = "<group>"; };
		647B76092C67DE9D0003E648 /* ViewerMosaicDocument.swift */ = {isa = PBXFileReference; fileEncoding = 4; lastKnownFileType = sourcecode.swift; path = ViewerMosaicDocument.swift; sourceTree = "<group>"; };
		647B760A2C67DE9D0003E648 /* ViewerMosaicStore.swift */ = {isa = PBXFileReference; fileEncoding = 4; lastKnownFileType = sourcecode.swift; path = ViewerMosaicStore.swift; sourceTree = "<group>"; };
		647B760B2C67DE9D0003E648 /* ViewerMosaicView.swift */ = {isa = PBXFileReference; fileEncoding = 4; lastKnownFileType = sourcecode.swift; path = ViewerMosaicView.swift; sourceTree = "<group>"; };
		647B760D2C67DE9D0003E648 /* ViewerBasicPDFDocument.swift */ = {isa = PBXFileReference; fileEncoding = 4; lastKnownFileType = sourcecode.swift; path = ViewerBasicPDFDocument.swift; sourceTree = "<group>"; };
		647B760E2C67DE9D0003E648 /* ViewerBasicPDFStore.swift */ = {isa = PBXFileReference; fileEncoding = 4; lastKnownFileType = sourcecode.swift; path = ViewerBasicPDFStore.swift; sourceTree = "<group>"; };
		647B760F2C67DE9D0003E648 /* ViewerBasicPDFView.swift */ = {isa = PBXFileReference; fileEncoding = 4; lastKnownFileType = sourcecode.swift; path = ViewerBasicPDFView.swift; sourceTree = "<group>"; };
		647B76102C67DE9D0003E648 /* ViewerBasicPDFViewContainer.swift */ = {isa = PBXFileReference; fileEncoding = 4; lastKnownFileType = sourcecode.swift; path = ViewerBasicPDFViewContainer.swift; sourceTree = "<group>"; };
		647B76122C67DE9D0003E648 /* ViewerPDFDocument.swift */ = {isa = PBXFileReference; fileEncoding = 4; lastKnownFileType = sourcecode.swift; path = ViewerPDFDocument.swift; sourceTree = "<group>"; };
		647B76132C67DE9D0003E648 /* ViewerPDFPageView.swift */ = {isa = PBXFileReference; fileEncoding = 4; lastKnownFileType = sourcecode.swift; path = ViewerPDFPageView.swift; sourceTree = "<group>"; };
		647B76142C67DE9D0003E648 /* ViewerPDFStore.swift */ = {isa = PBXFileReference; fileEncoding = 4; lastKnownFileType = sourcecode.swift; path = ViewerPDFStore.swift; sourceTree = "<group>"; };
		647B76152C67DE9D0003E648 /* ViewerPDFThumbnailListView.swift */ = {isa = PBXFileReference; fileEncoding = 4; lastKnownFileType = sourcecode.swift; path = ViewerPDFThumbnailListView.swift; sourceTree = "<group>"; };
		647B76162C67DE9D0003E648 /* ViewerPDFThumbnailListViewContainer.swift */ = {isa = PBXFileReference; fileEncoding = 4; lastKnownFileType = sourcecode.swift; path = ViewerPDFThumbnailListViewContainer.swift; sourceTree = "<group>"; };
		647B76172C67DE9D0003E648 /* ViewerPDFThumbnailView.swift */ = {isa = PBXFileReference; fileEncoding = 4; lastKnownFileType = sourcecode.swift; path = ViewerPDFThumbnailView.swift; sourceTree = "<group>"; };
		647B76182C67DE9D0003E648 /* ViewerPDFView.swift */ = {isa = PBXFileReference; fileEncoding = 4; lastKnownFileType = sourcecode.swift; path = ViewerPDFView.swift; sourceTree = "<group>"; };
		647B76192C67DE9D0003E648 /* ViewerPDFViewContainer.swift */ = {isa = PBXFileReference; fileEncoding = 4; lastKnownFileType = sourcecode.swift; path = ViewerPDFViewContainer.swift; sourceTree = "<group>"; };
		647B761C2C67DE9D0003E648 /* IdRandomizer.swift */ = {isa = PBXFileReference; fileEncoding = 4; lastKnownFileType = sourcecode.swift; path = IdRandomizer.swift; sourceTree = "<group>"; };
		6488057D2C67127600D8A096 /* Voltaserve.app */ = {isa = PBXFileReference; explicitFileType = wrapper.application; includeInIndex = 0; path = Voltaserve.app; sourceTree = BUILT_PRODUCTS_DIR; };
/* End PBXFileReference section */

/* Begin PBXFrameworksBuildPhase section */
		6488057A2C67127600D8A096 /* Frameworks */ = {
			isa = PBXFrameworksBuildPhase;
			buildActionMask = 2147483647;
			files = (
				64BDC3F82C67ED57005D3A81 /* ReSwift in Frameworks */,
				647B76332C67DEB50003E648 /* GLTFKit2 in Frameworks */,
				647B76362C67DEC20003E648 /* Alamofire in Frameworks */,
			);
			runOnlyForDeploymentPostprocessing = 0;
		};
/* End PBXFrameworksBuildPhase section */

/* Begin PBXGroup section */
		5C1F45D4C1EF269323F5401F /* Auth */ = {
			isa = PBXGroup;
			children = (
				5C1F4D083B20CFBF37BFEE26 /* Token.swift */,
			);
			path = Auth;
			sourceTree = "<group>";
		};
		5C1F491EC8371DCB14346854 /* Sources */ = {
			isa = PBXGroup;
			children = (
				647B761D2C67DE9D0003E648 /* Helper */,
				647B761B2C67DE9D0003E648 /* Viewer */,
				5C1F45D4C1EF269323F5401F /* Auth */,
				5C1F4EA1DB539733547F60FA /* Config */,
				5C1F4E9C506CEE6A1515DD0F /* LauncherViewController.swift */,
				5C1F4D62E7993B8973427580 /* Viewer3DViewController.swift */,
				5C1F49E7D419EBA332E61BB7 /* ViewerBasicPDFViewController.swift */,
				5C1F427C195F5E197F2B5D0C /* ViewerMosaicViewController.swift */,
				5C1F4203FF7280C88B7D83B4 /* ViewerPDFViewController.swift */,
				5C1F4161A3DC4E0ECE17366A /* AppDelegate.swift */,
				5C1F46B4A92E220F8A4E5845 /* Info.plist */,
			);
			path = Sources;
			sourceTree = "<group>";
		};
		5C1F4EA1DB539733547F60FA /* Config */ = {
			isa = PBXGroup;
			children = (
				5C1F4BA7BEDC96E886272577 /* Config.swift */,
			);
			path = Config;
			sourceTree = "<group>";
		};
		647B76082C67DE9D0003E648 /* 3D */ = {
			isa = PBXGroup;
			children = (
				647B76052C67DE9D0003E648 /* Viewer3DDocument.swift */,
				647B76062C67DE9D0003E648 /* Viewer3DStore.swift */,
				647B76072C67DE9D0003E648 /* Viewer3DView.swift */,
			);
			path = 3D;
			sourceTree = "<group>";
		};
		647B760C2C67DE9D0003E648 /* Mosaic */ = {
			isa = PBXGroup;
			children = (
				647B76092C67DE9D0003E648 /* ViewerMosaicDocument.swift */,
				647B760A2C67DE9D0003E648 /* ViewerMosaicStore.swift */,
				647B760B2C67DE9D0003E648 /* ViewerMosaicView.swift */,
			);
			path = Mosaic;
			sourceTree = "<group>";
		};
		647B76112C67DE9D0003E648 /* Basic */ = {
			isa = PBXGroup;
			children = (
				647B760D2C67DE9D0003E648 /* ViewerBasicPDFDocument.swift */,
				647B760E2C67DE9D0003E648 /* ViewerBasicPDFStore.swift */,
				647B760F2C67DE9D0003E648 /* ViewerBasicPDFView.swift */,
				647B76102C67DE9D0003E648 /* ViewerBasicPDFViewContainer.swift */,
			);
			path = Basic;
			sourceTree = "<group>";
		};
		647B761A2C67DE9D0003E648 /* PDF */ = {
			isa = PBXGroup;
			children = (
				647B76112C67DE9D0003E648 /* Basic */,
				647B76122C67DE9D0003E648 /* ViewerPDFDocument.swift */,
				647B76132C67DE9D0003E648 /* ViewerPDFPageView.swift */,
				647B76142C67DE9D0003E648 /* ViewerPDFStore.swift */,
				647B76152C67DE9D0003E648 /* ViewerPDFThumbnailListView.swift */,
				647B76162C67DE9D0003E648 /* ViewerPDFThumbnailListViewContainer.swift */,
				647B76172C67DE9D0003E648 /* ViewerPDFThumbnailView.swift */,
				647B76182C67DE9D0003E648 /* ViewerPDFView.swift */,
				647B76192C67DE9D0003E648 /* ViewerPDFViewContainer.swift */,
			);
			path = PDF;
			sourceTree = "<group>";
		};
		647B761B2C67DE9D0003E648 /* Viewer */ = {
			isa = PBXGroup;
			children = (
				647B76082C67DE9D0003E648 /* 3D */,
				647B760C2C67DE9D0003E648 /* Mosaic */,
				647B761A2C67DE9D0003E648 /* PDF */,
			);
			path = Viewer;
			sourceTree = "<group>";
		};
		647B761D2C67DE9D0003E648 /* Helper */ = {
			isa = PBXGroup;
			children = (
				647B761C2C67DE9D0003E648 /* IdRandomizer.swift */,
			);
			path = Helper;
			sourceTree = "<group>";
		};
		648805742C67127600D8A096 = {
			isa = PBXGroup;
			children = (
				5C1F48B6B1BF7A16CD6812CE /* Assets.xcassets */,
				6488057E2C67127600D8A096 /* Products */,
				5C1F491EC8371DCB14346854 /* Sources */,
			);
			sourceTree = "<group>";
		};
		6488057E2C67127600D8A096 /* Products */ = {
			isa = PBXGroup;
			children = (
				6488057D2C67127600D8A096 /* Voltaserve.app */,
			);
			name = Products;
			sourceTree = "<group>";
		};
/* End PBXGroup section */

/* Begin PBXNativeTarget section */
		6488057C2C67127600D8A096 /* Voltaserve */ = {
			isa = PBXNativeTarget;
			buildConfigurationList = 648805912C67127800D8A096 /* Build configuration list for PBXNativeTarget "Voltaserve" */;
			buildPhases = (
				648805792C67127600D8A096 /* Sources */,
				6488057A2C67127600D8A096 /* Frameworks */,
				6488057B2C67127600D8A096 /* Resources */,
			);
			buildRules = (
			);
			dependencies = (
			);
			name = Voltaserve;
			packageProductDependencies = (
				647B76322C67DEB50003E648 /* GLTFKit2 */,
				647B76352C67DEC20003E648 /* Alamofire */,
				64BDC3F72C67ED57005D3A81 /* ReSwift */,
			);
			productName = Voltaserve;
			productReference = 6488057D2C67127600D8A096 /* Voltaserve.app */;
			productType = "com.apple.product-type.application";
		};
/* End PBXNativeTarget section */

/* Begin PBXProject section */
		648805752C67127600D8A096 /* Project object */ = {
			isa = PBXProject;
			attributes = {
				BuildIndependentTargetsInParallel = 1;
				LastSwiftUpdateCheck = 1540;
				LastUpgradeCheck = 1540;
				TargetAttributes = {
					6488057C2C67127600D8A096 = {
						CreatedOnToolsVersion = 15.4;
					};
				};
			};
			buildConfigurationList = 648805782C67127600D8A096 /* Build configuration list for PBXProject "Voltaserve" */;
			compatibilityVersion = "Xcode 14.0";
			developmentRegion = en;
			hasScannedForEncodings = 0;
			knownRegions = (
				en,
				Base,
			);
			mainGroup = 648805742C67127600D8A096;
			packageReferences = (
				647B76312C67DEB50003E648 /* XCRemoteSwiftPackageReference "GLTFKit2" */,
				647B76342C67DEC20003E648 /* XCRemoteSwiftPackageReference "Alamofire" */,
				64BDC3F62C67ED57005D3A81 /* XCRemoteSwiftPackageReference "ReSwift" */,
			);
			productRefGroup = 6488057E2C67127600D8A096 /* Products */;
			projectDirPath = "";
			projectRoot = "";
			targets = (
				6488057C2C67127600D8A096 /* Voltaserve */,
			);
		};
/* End PBXProject section */

/* Begin PBXResourcesBuildPhase section */
		6488057B2C67127600D8A096 /* Resources */ = {
			isa = PBXResourcesBuildPhase;
			buildActionMask = 2147483647;
			files = (
				5C1F40A22219589210260252 /* Assets.xcassets in Resources */,
			);
			runOnlyForDeploymentPostprocessing = 0;
		};
/* End PBXResourcesBuildPhase section */

/* Begin PBXSourcesBuildPhase section */
		648805792C67127600D8A096 /* Sources */ = {
			isa = PBXSourcesBuildPhase;
			buildActionMask = 2147483647;
			files = (
				5C1F47159D2AB0D3D26835DF /* Token.swift in Sources */,
				647B761E2C67DE9D0003E648 /* Viewer3DDocument.swift in Sources */,
				647B76222C67DE9D0003E648 /* ViewerMosaicStore.swift in Sources */,
				647B762F2C67DE9D0003E648 /* ViewerPDFViewContainer.swift in Sources */,
				647B762E2C67DE9D0003E648 /* ViewerPDFView.swift in Sources */,
				5C1F4EC6763E83F3F7EA4038 /* Config.swift in Sources */,
				647B76202C67DE9D0003E648 /* Viewer3DView.swift in Sources */,
				5C1F4B8273A23A9E0CE6288B /* LauncherViewController.swift in Sources */,
				5C1F4D48ECD30FB728231D85 /* Viewer3DViewController.swift in Sources */,
				647B76212C67DE9D0003E648 /* ViewerMosaicDocument.swift in Sources */,
				647B762B2C67DE9D0003E648 /* ViewerPDFThumbnailListView.swift in Sources */,
				5C1F4652414FA94069D208D3 /* ViewerBasicPDFViewController.swift in Sources */,
				5C1F499E0006EF1B5D00EB20 /* ViewerMosaicViewController.swift in Sources */,
				647B76242C67DE9D0003E648 /* ViewerBasicPDFDocument.swift in Sources */,
				647B762A2C67DE9D0003E648 /* ViewerPDFStore.swift in Sources */,
				5C1F4E64206FDC3B23D6977B /* ViewerPDFViewController.swift in Sources */,
				647B76302C67DE9D0003E648 /* IdRandomizer.swift in Sources */,
				647B761F2C67DE9D0003E648 /* Viewer3DStore.swift in Sources */,
				647B76232C67DE9D0003E648 /* ViewerMosaicView.swift in Sources */,
				647B76282C67DE9D0003E648 /* ViewerPDFDocument.swift in Sources */,
				647B76272C67DE9D0003E648 /* ViewerBasicPDFViewContainer.swift in Sources */,
				647B762D2C67DE9D0003E648 /* ViewerPDFThumbnailView.swift in Sources */,
				647B76262C67DE9D0003E648 /* ViewerBasicPDFView.swift in Sources */,
				5C1F45B626603B49F787FFAB /* AppDelegate.swift in Sources */,
				647B76292C67DE9D0003E648 /* ViewerPDFPageView.swift in Sources */,
				647B762C2C67DE9D0003E648 /* ViewerPDFThumbnailListViewContainer.swift in Sources */,
				647B76252C67DE9D0003E648 /* ViewerBasicPDFStore.swift in Sources */,
			);
			runOnlyForDeploymentPostprocessing = 0;
		};
/* End PBXSourcesBuildPhase section */

/* Begin XCBuildConfiguration section */
		6488058F2C67127800D8A096 /* Debug */ = {
			isa = XCBuildConfiguration;
			buildSettings = {
				ALWAYS_SEARCH_USER_PATHS = NO;
				ASSETCATALOG_COMPILER_GENERATE_SWIFT_ASSET_SYMBOL_EXTENSIONS = YES;
				CLANG_ANALYZER_NONNULL = YES;
				CLANG_ANALYZER_NUMBER_OBJECT_CONVERSION = YES_AGGRESSIVE;
				CLANG_CXX_LANGUAGE_STANDARD = "gnu++20";
				CLANG_ENABLE_MODULES = YES;
				CLANG_ENABLE_OBJC_ARC = YES;
				CLANG_ENABLE_OBJC_WEAK = YES;
				CLANG_WARN_BLOCK_CAPTURE_AUTORELEASING = YES;
				CLANG_WARN_BOOL_CONVERSION = YES;
				CLANG_WARN_COMMA = YES;
				CLANG_WARN_CONSTANT_CONVERSION = YES;
				CLANG_WARN_DEPRECATED_OBJC_IMPLEMENTATIONS = YES;
				CLANG_WARN_DIRECT_OBJC_ISA_USAGE = YES_ERROR;
				CLANG_WARN_DOCUMENTATION_COMMENTS = YES;
				CLANG_WARN_EMPTY_BODY = YES;
				CLANG_WARN_ENUM_CONVERSION = YES;
				CLANG_WARN_INFINITE_RECURSION = YES;
				CLANG_WARN_INT_CONVERSION = YES;
				CLANG_WARN_NON_LITERAL_NULL_CONVERSION = YES;
				CLANG_WARN_OBJC_IMPLICIT_RETAIN_SELF = YES;
				CLANG_WARN_OBJC_LITERAL_CONVERSION = YES;
				CLANG_WARN_OBJC_ROOT_CLASS = YES_ERROR;
				CLANG_WARN_QUOTED_INCLUDE_IN_FRAMEWORK_HEADER = YES;
				CLANG_WARN_RANGE_LOOP_ANALYSIS = YES;
				CLANG_WARN_STRICT_PROTOTYPES = YES;
				CLANG_WARN_SUSPICIOUS_MOVE = YES;
				CLANG_WARN_UNGUARDED_AVAILABILITY = YES_AGGRESSIVE;
				CLANG_WARN_UNREACHABLE_CODE = YES;
				CLANG_WARN__DUPLICATE_METHOD_MATCH = YES;
				COPY_PHASE_STRIP = NO;
				DEBUG_INFORMATION_FORMAT = dwarf;
				ENABLE_STRICT_OBJC_MSGSEND = YES;
				ENABLE_TESTABILITY = YES;
				ENABLE_USER_SCRIPT_SANDBOXING = YES;
				GCC_C_LANGUAGE_STANDARD = gnu17;
				GCC_DYNAMIC_NO_PIC = NO;
				GCC_NO_COMMON_BLOCKS = YES;
				GCC_OPTIMIZATION_LEVEL = 0;
				GCC_PREPROCESSOR_DEFINITIONS = (
					"DEBUG=1",
					"$(inherited)",
				);
				GCC_WARN_64_TO_32_BIT_CONVERSION = YES;
				GCC_WARN_ABOUT_RETURN_TYPE = YES_ERROR;
				GCC_WARN_UNDECLARED_SELECTOR = YES;
				GCC_WARN_UNINITIALIZED_AUTOS = YES_AGGRESSIVE;
				GCC_WARN_UNUSED_FUNCTION = YES;
				GCC_WARN_UNUSED_VARIABLE = YES;
				IPHONEOS_DEPLOYMENT_TARGET = 17.5;
				LOCALIZATION_PREFERS_STRING_CATALOGS = YES;
				MTL_ENABLE_DEBUG_INFO = INCLUDE_SOURCE;
				MTL_FAST_MATH = YES;
				ONLY_ACTIVE_ARCH = YES;
				SDKROOT = iphoneos;
				SWIFT_ACTIVE_COMPILATION_CONDITIONS = "DEBUG $(inherited)";
				SWIFT_OPTIMIZATION_LEVEL = "-Onone";
			};
			name = Debug;
		};
		648805902C67127800D8A096 /* Release */ = {
			isa = XCBuildConfiguration;
			buildSettings = {
				ALWAYS_SEARCH_USER_PATHS = NO;
				ASSETCATALOG_COMPILER_GENERATE_SWIFT_ASSET_SYMBOL_EXTENSIONS = YES;
				CLANG_ANALYZER_NONNULL = YES;
				CLANG_ANALYZER_NUMBER_OBJECT_CONVERSION = YES_AGGRESSIVE;
				CLANG_CXX_LANGUAGE_STANDARD = "gnu++20";
				CLANG_ENABLE_MODULES = YES;
				CLANG_ENABLE_OBJC_ARC = YES;
				CLANG_ENABLE_OBJC_WEAK = YES;
				CLANG_WARN_BLOCK_CAPTURE_AUTORELEASING = YES;
				CLANG_WARN_BOOL_CONVERSION = YES;
				CLANG_WARN_COMMA = YES;
				CLANG_WARN_CONSTANT_CONVERSION = YES;
				CLANG_WARN_DEPRECATED_OBJC_IMPLEMENTATIONS = YES;
				CLANG_WARN_DIRECT_OBJC_ISA_USAGE = YES_ERROR;
				CLANG_WARN_DOCUMENTATION_COMMENTS = YES;
				CLANG_WARN_EMPTY_BODY = YES;
				CLANG_WARN_ENUM_CONVERSION = YES;
				CLANG_WARN_INFINITE_RECURSION = YES;
				CLANG_WARN_INT_CONVERSION = YES;
				CLANG_WARN_NON_LITERAL_NULL_CONVERSION = YES;
				CLANG_WARN_OBJC_IMPLICIT_RETAIN_SELF = YES;
				CLANG_WARN_OBJC_LITERAL_CONVERSION = YES;
				CLANG_WARN_OBJC_ROOT_CLASS = YES_ERROR;
				CLANG_WARN_QUOTED_INCLUDE_IN_FRAMEWORK_HEADER = YES;
				CLANG_WARN_RANGE_LOOP_ANALYSIS = YES;
				CLANG_WARN_STRICT_PROTOTYPES = YES;
				CLANG_WARN_SUSPICIOUS_MOVE = YES;
				CLANG_WARN_UNGUARDED_AVAILABILITY = YES_AGGRESSIVE;
				CLANG_WARN_UNREACHABLE_CODE = YES;
				CLANG_WARN__DUPLICATE_METHOD_MATCH = YES;
				COPY_PHASE_STRIP = NO;
				DEBUG_INFORMATION_FORMAT = "dwarf-with-dsym";
				ENABLE_NS_ASSERTIONS = NO;
				ENABLE_STRICT_OBJC_MSGSEND = YES;
				ENABLE_USER_SCRIPT_SANDBOXING = YES;
				GCC_C_LANGUAGE_STANDARD = gnu17;
				GCC_NO_COMMON_BLOCKS = YES;
				GCC_WARN_64_TO_32_BIT_CONVERSION = YES;
				GCC_WARN_ABOUT_RETURN_TYPE = YES_ERROR;
				GCC_WARN_UNDECLARED_SELECTOR = YES;
				GCC_WARN_UNINITIALIZED_AUTOS = YES_AGGRESSIVE;
				GCC_WARN_UNUSED_FUNCTION = YES;
				GCC_WARN_UNUSED_VARIABLE = YES;
				IPHONEOS_DEPLOYMENT_TARGET = 17.5;
				LOCALIZATION_PREFERS_STRING_CATALOGS = YES;
				MTL_ENABLE_DEBUG_INFO = NO;
				MTL_FAST_MATH = YES;
				SDKROOT = iphoneos;
				SWIFT_COMPILATION_MODE = wholemodule;
				VALIDATE_PRODUCT = YES;
			};
			name = Release;
		};
		648805922C67127800D8A096 /* Debug */ = {
			isa = XCBuildConfiguration;
			buildSettings = {
				ASSETCATALOG_COMPILER_APPICON_NAME = AppIcon;
				ASSETCATALOG_COMPILER_GLOBAL_ACCENT_COLOR_NAME = AccentColor;
				CODE_SIGN_STYLE = Automatic;
				CURRENT_PROJECT_VERSION = 1;
				DEVELOPMENT_TEAM = 945C8BFVW3;
				GENERATE_INFOPLIST_FILE = YES;
				INFOPLIST_FILE = Sources/Info.plist;
				INFOPLIST_KEY_UIApplicationSupportsIndirectInputEvents = YES;
				INFOPLIST_KEY_UILaunchStoryboardName = LaunchScreen;
				INFOPLIST_KEY_UISupportedInterfaceOrientations_iPad = "UIInterfaceOrientationPortrait UIInterfaceOrientationPortraitUpsideDown UIInterfaceOrientationLandscapeLeft UIInterfaceOrientationLandscapeRight";
				INFOPLIST_KEY_UISupportedInterfaceOrientations_iPhone = "UIInterfaceOrientationPortrait UIInterfaceOrientationLandscapeLeft UIInterfaceOrientationLandscapeRight";
				LD_RUNPATH_SEARCH_PATHS = (
					"$(inherited)",
					"@executable_path/Frameworks",
				);
				MARKETING_VERSION = 1.0;
				PRODUCT_BUNDLE_IDENTIFIER = com.koupr.Voltaserve;
				PRODUCT_NAME = "$(TARGET_NAME)";
				SWIFT_EMIT_LOC_STRINGS = YES;
				SWIFT_VERSION = 5.0;
				TARGETED_DEVICE_FAMILY = "1,2";
			};
			name = Debug;
		};
		648805932C67127800D8A096 /* Release */ = {
			isa = XCBuildConfiguration;
			buildSettings = {
				ASSETCATALOG_COMPILER_APPICON_NAME = AppIcon;
				ASSETCATALOG_COMPILER_GLOBAL_ACCENT_COLOR_NAME = AccentColor;
				CODE_SIGN_STYLE = Automatic;
				CURRENT_PROJECT_VERSION = 1;
				DEVELOPMENT_TEAM = 945C8BFVW3;
				GENERATE_INFOPLIST_FILE = YES;
				INFOPLIST_FILE = Sources/Info.plist;
				INFOPLIST_KEY_UIApplicationSupportsIndirectInputEvents = YES;
				INFOPLIST_KEY_UILaunchStoryboardName = LaunchScreen;
				INFOPLIST_KEY_UISupportedInterfaceOrientations_iPad = "UIInterfaceOrientationPortrait UIInterfaceOrientationPortraitUpsideDown UIInterfaceOrientationLandscapeLeft UIInterfaceOrientationLandscapeRight";
				INFOPLIST_KEY_UISupportedInterfaceOrientations_iPhone = "UIInterfaceOrientationPortrait UIInterfaceOrientationLandscapeLeft UIInterfaceOrientationLandscapeRight";
				LD_RUNPATH_SEARCH_PATHS = (
					"$(inherited)",
					"@executable_path/Frameworks",
				);
				MARKETING_VERSION = 1.0;
				PRODUCT_BUNDLE_IDENTIFIER = com.koupr.Voltaserve;
				PRODUCT_NAME = "$(TARGET_NAME)";
				SWIFT_EMIT_LOC_STRINGS = YES;
				SWIFT_VERSION = 5.0;
				TARGETED_DEVICE_FAMILY = "1,2";
			};
			name = Release;
		};
/* End XCBuildConfiguration section */

/* Begin XCConfigurationList section */
		648805782C67127600D8A096 /* Build configuration list for PBXProject "Voltaserve" */ = {
			isa = XCConfigurationList;
			buildConfigurations = (
				6488058F2C67127800D8A096 /* Debug */,
				648805902C67127800D8A096 /* Release */,
			);
			defaultConfigurationIsVisible = 0;
			defaultConfigurationName = Release;
		};
		648805912C67127800D8A096 /* Build configuration list for PBXNativeTarget "Voltaserve" */ = {
			isa = XCConfigurationList;
			buildConfigurations = (
				648805922C67127800D8A096 /* Debug */,
				648805932C67127800D8A096 /* Release */,
			);
			defaultConfigurationIsVisible = 0;
			defaultConfigurationName = Release;
		};
/* End XCConfigurationList section */

/* Begin XCRemoteSwiftPackageReference section */
		647B76312C67DEB50003E648 /* XCRemoteSwiftPackageReference "GLTFKit2" */ = {
			isa = XCRemoteSwiftPackageReference;
			repositoryURL = "https://github.com/warrenm/GLTFKit2.git";
			requirement = {
				kind = upToNextMajorVersion;
				minimumVersion = 0.5.11;
			};
		};
		647B76342C67DEC20003E648 /* XCRemoteSwiftPackageReference "Alamofire" */ = {
			isa = XCRemoteSwiftPackageReference;
			repositoryURL = "https://github.com/Alamofire/Alamofire.git";
			requirement = {
				kind = upToNextMajorVersion;
				minimumVersion = 5.9.1;
			};
		};
		64BDC3F62C67ED57005D3A81 /* XCRemoteSwiftPackageReference "ReSwift" */ = {
			isa = XCRemoteSwiftPackageReference;
			repositoryURL = "https://github.com/ReSwift/ReSwift.git";
			requirement = {
				kind = upToNextMajorVersion;
				minimumVersion = 6.1.1;
			};
		};
/* End XCRemoteSwiftPackageReference section */

/* Begin XCSwiftPackageProductDependency section */
		647B76322C67DEB50003E648 /* GLTFKit2 */ = {
			isa = XCSwiftPackageProductDependency;
			package = 647B76312C67DEB50003E648 /* XCRemoteSwiftPackageReference "GLTFKit2" */;
			productName = GLTFKit2;
		};
		647B76352C67DEC20003E648 /* Alamofire */ = {
			isa = XCSwiftPackageProductDependency;
			package = 647B76342C67DEC20003E648 /* XCRemoteSwiftPackageReference "Alamofire" */;
			productName = Alamofire;
		};
		64BDC3F72C67ED57005D3A81 /* ReSwift */ = {
			isa = XCSwiftPackageProductDependency;
			package = 64BDC3F62C67ED57005D3A81 /* XCRemoteSwiftPackageReference "ReSwift" */;
			productName = ReSwift;
		};
/* End XCSwiftPackageProductDependency section */
	};
	rootObject = 648805752C67127600D8A096 /* Project object */;
}
