// !$*UTF8*$!
{
	archiveVersion = 1;
	classes = {
	};
	objectVersion = 70;
	objects = {

/* Begin PBXBuildFile section */
		64562B6C2C69EC2A00E10D97 /* .swiftformat in Resources */ = {isa = PBXBuildFile; fileRef = 64562B6A2C69EC2A00E10D97 /* .swiftformat */; };
		64562B6D2C69EC2A00E10D97 /* .gitignore in Resources */ = {isa = PBXBuildFile; fileRef = 64562B682C69EC2A00E10D97 /* .gitignore */; };
		64562B6E2C69EC2A00E10D97 /* .swiftlint.yml in Resources */ = {isa = PBXBuildFile; fileRef = 64562B6B2C69EC2A00E10D97 /* .swiftlint.yml */; };
		64562B6F2C69EC2A00E10D97 /* .swift-version in Resources */ = {isa = PBXBuildFile; fileRef = 64562B692C69EC2A00E10D97 /* .swift-version */; };
		649066E22C5E35AD00BA3CCD /* VoltaserveApp.swift in Sources */ = {isa = PBXBuildFile; fileRef = 649066E12C5E35AD00BA3CCD /* VoltaserveApp.swift */; };
		649066E42C5E35AD00BA3CCD /* ContentView.swift in Sources */ = {isa = PBXBuildFile; fileRef = 649066E32C5E35AD00BA3CCD /* ContentView.swift */; };
		649066E62C5E35AE00BA3CCD /* Assets.xcassets in Resources */ = {isa = PBXBuildFile; fileRef = 649066E52C5E35AE00BA3CCD /* Assets.xcassets */; };
		649066E92C5E35AE00BA3CCD /* Preview Assets.xcassets in Resources */ = {isa = PBXBuildFile; fileRef = 649066E82C5E35AE00BA3CCD /* Preview Assets.xcassets */; };
		649067052C60979900BA3CCD /* GLTFKit2 in Frameworks */ = {isa = PBXBuildFile; productRef = 649067042C60979900BA3CCD /* GLTFKit2 */; };
		649AED232C7FBE0F00DAAA0B /* MainView.swift in Sources */ = {isa = PBXBuildFile; fileRef = 649AED222C7FBE0F00DAAA0B /* MainView.swift */; };
		64D0D9152C8103DF00B96180 /* Config.swift in Sources */ = {isa = PBXBuildFile; fileRef = 64D0D9132C8103DF00B96180 /* Config.swift */; };
		64D0D97B2C8120E800B96180 /* IBM Plex Sans Var-Roman.ttf in Resources */ = {isa = PBXBuildFile; fileRef = 64D0D9782C8120E800B96180 /* IBM Plex Sans Var-Roman.ttf */; };
		64D0D97C2C8120E800B96180 /* Unbounded-VariableFont_wght.ttf in Resources */ = {isa = PBXBuildFile; fileRef = 64D0D9792C8120E800B96180 /* Unbounded-VariableFont_wght.ttf */; };
		64FD0A632C6F59790091E4CB /* Voltaserve in Frameworks */ = {isa = PBXBuildFile; productRef = 64FD0A622C6F59790091E4CB /* Voltaserve */; };
/* End PBXBuildFile section */

/* Begin PBXFileReference section */
		6446B6212C7F61FD00868B3E /* VoltaserveApp-Info.plist */ = {isa = PBXFileReference; lastKnownFileType = text.plist; path = "VoltaserveApp-Info.plist"; sourceTree = "<group>"; };
		64562B682C69EC2A00E10D97 /* .gitignore */ = {isa = PBXFileReference; lastKnownFileType = text; path = .gitignore; sourceTree = "<group>"; };
		64562B692C69EC2A00E10D97 /* .swift-version */ = {isa = PBXFileReference; lastKnownFileType = text; path = ".swift-version"; sourceTree = "<group>"; };
		64562B6A2C69EC2A00E10D97 /* .swiftformat */ = {isa = PBXFileReference; lastKnownFileType = text; path = .swiftformat; sourceTree = "<group>"; };
		64562B6B2C69EC2A00E10D97 /* .swiftlint.yml */ = {isa = PBXFileReference; lastKnownFileType = text.yaml; path = .swiftlint.yml; sourceTree = "<group>"; };
		649066DE2C5E35AD00BA3CCD /* VoltaserveApp.app */ = {isa = PBXFileReference; explicitFileType = wrapper.application; includeInIndex = 0; path = VoltaserveApp.app; sourceTree = BUILT_PRODUCTS_DIR; };
		649066E12C5E35AD00BA3CCD /* VoltaserveApp.swift */ = {isa = PBXFileReference; lastKnownFileType = sourcecode.swift; path = VoltaserveApp.swift; sourceTree = "<group>"; };
		649066E32C5E35AD00BA3CCD /* ContentView.swift */ = {isa = PBXFileReference; lastKnownFileType = sourcecode.swift; path = ContentView.swift; sourceTree = "<group>"; };
		649066E52C5E35AE00BA3CCD /* Assets.xcassets */ = {isa = PBXFileReference; lastKnownFileType = folder.assetcatalog; path = Assets.xcassets; sourceTree = "<group>"; };
		649066E82C5E35AE00BA3CCD /* Preview Assets.xcassets */ = {isa = PBXFileReference; lastKnownFileType = folder.assetcatalog; path = "Preview Assets.xcassets"; sourceTree = "<group>"; };
		649AED222C7FBE0F00DAAA0B /* MainView.swift */ = {isa = PBXFileReference; lastKnownFileType = sourcecode.swift; path = MainView.swift; sourceTree = "<group>"; };
		64D0D9132C8103DF00B96180 /* Config.swift */ = {isa = PBXFileReference; lastKnownFileType = sourcecode.swift; path = Config.swift; sourceTree = "<group>"; };
		64D0D9782C8120E800B96180 /* IBM Plex Sans Var-Roman.ttf */ = {isa = PBXFileReference; lastKnownFileType = file; path = "IBM Plex Sans Var-Roman.ttf"; sourceTree = "<group>"; };
		64D0D9792C8120E800B96180 /* Unbounded-VariableFont_wght.ttf */ = {isa = PBXFileReference; lastKnownFileType = file; path = "Unbounded-VariableFont_wght.ttf"; sourceTree = "<group>"; };
/* End PBXFileReference section */

/* Begin PBXFileSystemSynchronizedBuildFileExceptionSet section */
		6446B6192C7F5C2C00868B3E /* PBXFileSystemSynchronizedBuildFileExceptionSet */ = {
			isa = PBXFileSystemSynchronizedBuildFileExceptionSet;
			membershipExceptions = (
				AuthStore.swift,
				SignIn.swift,
			);
			target = 649066DD2C5E35AD00BA3CCD /* VoltaserveApp */;
		};
		6446B61A2C7F5C2C00868B3E /* PBXFileSystemSynchronizedBuildFileExceptionSet */ = {
			isa = PBXFileSystemSynchronizedBuildFileExceptionSet;
			membershipExceptions = (
				SignUp.swift,
				SignUpStore.swift,
			);
			target = 649066DD2C5E35AD00BA3CCD /* VoltaserveApp */;
		};
		6446B61B2C7F5C2C00868B3E /* PBXFileSystemSynchronizedBuildFileExceptionSet */ = {
			isa = PBXFileSystemSynchronizedBuildFileExceptionSet;
			membershipExceptions = (
				ForgotPassword.swift,
				ForgotPasswordStore.swift,
			);
			target = 649066DD2C5E35AD00BA3CCD /* VoltaserveApp */;
		};
		64D538C52C78CA920055240F /* PBXFileSystemSynchronizedBuildFileExceptionSet */ = {
			isa = PBXFileSystemSynchronizedBuildFileExceptionSet;
			membershipExceptions = (
				Account.swift,
				AccountStore.swift,
			);
			target = 649066DD2C5E35AD00BA3CCD /* VoltaserveApp */;
		};
		64D538C62C78CA920055240F /* PBXFileSystemSynchronizedBuildFileExceptionSet */ = {
			isa = PBXFileSystemSynchronizedBuildFileExceptionSet;
			membershipExceptions = (
				FileBadge.swift,
				FileList.swift,
				FileRow.swift,
				FileStore.swift,
				FolderRow.swift,
			);
			target = 649066DD2C5E35AD00BA3CCD /* VoltaserveApp */;
		};
		64D538C72C78CA920055240F /* PBXFileSystemSynchronizedBuildFileExceptionSet */ = {
			isa = PBXFileSystemSynchronizedBuildFileExceptionSet;
			membershipExceptions = (
				GroupList.swift,
				GroupMembers.swift,
				GroupMembersStore.swift,
				GroupRow.swift,
				GroupSettings.swift,
				GroupStore.swift,
			);
			target = 649066DD2C5E35AD00BA3CCD /* VoltaserveApp */;
		};
		64D538C82C78CA920055240F /* PBXFileSystemSynchronizedBuildFileExceptionSet */ = {
			isa = PBXFileSystemSynchronizedBuildFileExceptionSet;
			membershipExceptions = (
				OrganizationEditName.swift,
				OrganizationList.swift,
				OrganizationMembers.swift,
				OrganizationMembersStore.swift,
				OrganizationRow.swift,
				OrganizationSettings.swift,
				OrganizationStore.swift,
			);
			target = 649066DD2C5E35AD00BA3CCD /* VoltaserveApp */;
		};
		64D538C92C78CA920055240F /* PBXFileSystemSynchronizedBuildFileExceptionSet */ = {
			isa = PBXFileSystemSynchronizedBuildFileExceptionSet;
			membershipExceptions = (
				3D/Viewer3D.swift,
				3D/Viewer3DStore.swift,
				Mosaic/ViewerMosaic.swift,
				Mosaic/ViewerMosaicStore.swift,
				PDF/ViewerPDF.swift,
				PDF/ViewerPDFStore.swift,
				ViewerSelector.swift,
			);
			target = 649066DD2C5E35AD00BA3CCD /* VoltaserveApp */;
		};
		64D538CA2C78CA920055240F /* PBXFileSystemSynchronizedBuildFileExceptionSet */ = {
			isa = PBXFileSystemSynchronizedBuildFileExceptionSet;
			membershipExceptions = (
				WorkspaceEditName.swift,
				WorkspaceEditStorageCapacity.swift,
				WorkspaceList.swift,
				WorkspaceRow.swift,
				WorkspaceSettings.swift,
				WorkspaceStore.swift,
			);
			target = 649066DD2C5E35AD00BA3CCD /* VoltaserveApp */;
		};
/* End PBXFileSystemSynchronizedBuildFileExceptionSet section */

/* Begin PBXFileSystemSynchronizedRootGroup section */
		647151662C7F59F1001AF90B /* SignIn */ = {isa = PBXFileSystemSynchronizedRootGroup; exceptions = (6446B6192C7F5C2C00868B3E /* PBXFileSystemSynchronizedBuildFileExceptionSet */, ); explicitFileTypes = {}; explicitFolders = (); path = SignIn; sourceTree = "<group>"; };
		647151672C7F5A01001AF90B /* SignUp */ = {isa = PBXFileSystemSynchronizedRootGroup; exceptions = (6446B61A2C7F5C2C00868B3E /* PBXFileSystemSynchronizedBuildFileExceptionSet */, ); explicitFileTypes = {}; explicitFolders = (); path = SignUp; sourceTree = "<group>"; };
		6471516B2C7F5A49001AF90B /* ForgotPassword */ = {isa = PBXFileSystemSynchronizedRootGroup; exceptions = (6446B61B2C7F5C2C00868B3E /* PBXFileSystemSynchronizedBuildFileExceptionSet */, ); explicitFileTypes = {}; explicitFolders = (); path = ForgotPassword; sourceTree = "<group>"; };
		64ADECE62C78CAED00AD945F /* Common */ = {isa = PBXFileSystemSynchronizedRootGroup; explicitFileTypes = {}; explicitFolders = (); path = Common; sourceTree = "<group>"; };
		64D538872C78CA920055240F /* Account */ = {isa = PBXFileSystemSynchronizedRootGroup; exceptions = (64D538C52C78CA920055240F /* PBXFileSystemSynchronizedBuildFileExceptionSet */, ); explicitFileTypes = {}; explicitFolders = (); path = Account; sourceTree = "<group>"; };
		64D5388A2C78CA920055240F /* File */ = {isa = PBXFileSystemSynchronizedRootGroup; exceptions = (64D538C62C78CA920055240F /* PBXFileSystemSynchronizedBuildFileExceptionSet */, ); explicitFileTypes = {}; explicitFolders = (); path = File; sourceTree = "<group>"; };
		64D5388D2C78CA920055240F /* Group */ = {isa = PBXFileSystemSynchronizedRootGroup; exceptions = (64D538C72C78CA920055240F /* PBXFileSystemSynchronizedBuildFileExceptionSet */, ); explicitFileTypes = {}; explicitFolders = (); path = Group; sourceTree = "<group>"; };
		64D538902C78CA920055240F /* Invitation */ = {isa = PBXFileSystemSynchronizedRootGroup; explicitFileTypes = {}; explicitFolders = (); path = Invitation; sourceTree = "<group>"; };
		64D538932C78CA920055240F /* Organization */ = {isa = PBXFileSystemSynchronizedRootGroup; exceptions = (64D538C82C78CA920055240F /* PBXFileSystemSynchronizedBuildFileExceptionSet */, ); explicitFileTypes = {}; explicitFolders = (); path = Organization; sourceTree = "<group>"; };
		64D538A72C78CA920055240F /* Viewer */ = {isa = PBXFileSystemSynchronizedRootGroup; exceptions = (64D538C92C78CA920055240F /* PBXFileSystemSynchronizedBuildFileExceptionSet */, ); explicitFileTypes = {}; explicitFolders = (); path = Viewer; sourceTree = "<group>"; };
		64D538AA2C78CA920055240F /* Workspace */ = {isa = PBXFileSystemSynchronizedRootGroup; exceptions = (64D538CA2C78CA920055240F /* PBXFileSystemSynchronizedBuildFileExceptionSet */, ); explicitFileTypes = {}; explicitFolders = (); path = Workspace; sourceTree = "<group>"; };
/* End PBXFileSystemSynchronizedRootGroup section */

/* Begin PBXFrameworksBuildPhase section */
		649066DB2C5E35AD00BA3CCD /* Frameworks */ = {
			isa = PBXFrameworksBuildPhase;
			buildActionMask = 2147483647;
			files = (
				64FD0A632C6F59790091E4CB /* Voltaserve in Frameworks */,
				649067052C60979900BA3CCD /* GLTFKit2 in Frameworks */,
			);
			runOnlyForDeploymentPostprocessing = 0;
		};
/* End PBXFrameworksBuildPhase section */

/* Begin PBXGroup section */
		649066D52C5E35AD00BA3CCD = {
			isa = PBXGroup;
			children = (
				6446B6212C7F61FD00868B3E /* VoltaserveApp-Info.plist */,
				64562B682C69EC2A00E10D97 /* .gitignore */,
				64562B692C69EC2A00E10D97 /* .swift-version */,
				64562B6A2C69EC2A00E10D97 /* .swiftformat */,
				64562B6B2C69EC2A00E10D97 /* .swiftlint.yml */,
				649066E52C5E35AE00BA3CCD /* Assets.xcassets */,
				64D0D97A2C8120E800B96180 /* Fonts */,
				649066E72C5E35AE00BA3CCD /* Preview Content */,
				649066E02C5E35AD00BA3CCD /* Sources */,
				649066DF2C5E35AD00BA3CCD /* Products */,
			);
			sourceTree = "<group>";
		};
		649066DF2C5E35AD00BA3CCD /* Products */ = {
			isa = PBXGroup;
			children = (
				649066DE2C5E35AD00BA3CCD /* VoltaserveApp.app */,
			);
			name = Products;
			sourceTree = "<group>";
		};
		649066E02C5E35AD00BA3CCD /* Sources */ = {
			isa = PBXGroup;
			children = (
				64ADECE62C78CAED00AD945F /* Common */,
				64D538872C78CA920055240F /* Account */,
				64D5388A2C78CA920055240F /* File */,
				64D5388D2C78CA920055240F /* Group */,
				64D538902C78CA920055240F /* Invitation */,
				64D538932C78CA920055240F /* Organization */,
				64D538A72C78CA920055240F /* Viewer */,
				64D538AA2C78CA920055240F /* Workspace */,
				647151662C7F59F1001AF90B /* SignIn */,
				647151672C7F5A01001AF90B /* SignUp */,
				6471516B2C7F5A49001AF90B /* ForgotPassword */,
				64D0D9132C8103DF00B96180 /* Config.swift */,
				649AED222C7FBE0F00DAAA0B /* MainView.swift */,
				649066E32C5E35AD00BA3CCD /* ContentView.swift */,
				649066E12C5E35AD00BA3CCD /* VoltaserveApp.swift */,
			);
			path = Sources;
			sourceTree = "<group>";
		};
		649066E72C5E35AE00BA3CCD /* Preview Content */ = {
			isa = PBXGroup;
			children = (
				649066E82C5E35AE00BA3CCD /* Preview Assets.xcassets */,
			);
			path = "Preview Content";
			sourceTree = "<group>";
		};
		64D0D97A2C8120E800B96180 /* Fonts */ = {
			isa = PBXGroup;
			children = (
				64D0D9782C8120E800B96180 /* IBM Plex Sans Var-Roman.ttf */,
				64D0D9792C8120E800B96180 /* Unbounded-VariableFont_wght.ttf */,
			);
			path = Fonts;
			sourceTree = "<group>";
		};
/* End PBXGroup section */

/* Begin PBXNativeTarget section */
		649066DD2C5E35AD00BA3CCD /* VoltaserveApp */ = {
			isa = PBXNativeTarget;
			buildConfigurationList = 649066EC2C5E35AE00BA3CCD /* Build configuration list for PBXNativeTarget "VoltaserveApp" */;
			buildPhases = (
				649066DA2C5E35AD00BA3CCD /* Sources */,
				649066DB2C5E35AD00BA3CCD /* Frameworks */,
				649066DC2C5E35AD00BA3CCD /* Resources */,
			);
			buildRules = (
			);
			dependencies = (
			);
			fileSystemSynchronizedGroups = (
				64ADECE62C78CAED00AD945F /* Common */,
				64D538902C78CA920055240F /* Invitation */,
			);
			name = VoltaserveApp;
			packageProductDependencies = (
				649067042C60979900BA3CCD /* GLTFKit2 */,
				64FD0A622C6F59790091E4CB /* Voltaserve */,
			);
			productName = Voltaserve;
			productReference = 649066DE2C5E35AD00BA3CCD /* VoltaserveApp.app */;
			productType = "com.apple.product-type.application";
		};
/* End PBXNativeTarget section */

/* Begin PBXProject section */
		649066D62C5E35AD00BA3CCD /* Project object */ = {
			isa = PBXProject;
			attributes = {
				BuildIndependentTargetsInParallel = 1;
				LastSwiftUpdateCheck = 1540;
				LastUpgradeCheck = 1540;
				TargetAttributes = {
					649066DD2C5E35AD00BA3CCD = {
						CreatedOnToolsVersion = 15.4;
					};
				};
			};
			buildConfigurationList = 649066D92C5E35AD00BA3CCD /* Build configuration list for PBXProject "Voltaserve" */;
			compatibilityVersion = "Xcode 14.0";
			developmentRegion = en;
			hasScannedForEncodings = 0;
			knownRegions = (
				en,
				Base,
			);
			mainGroup = 649066D52C5E35AD00BA3CCD;
			packageReferences = (
				649067032C60979900BA3CCD /* XCRemoteSwiftPackageReference "GLTFKit2" */,
				64FD0A612C6F59790091E4CB /* XCRemoteSwiftPackageReference "voltaserve-swift" */,
			);
			productRefGroup = 649066DF2C5E35AD00BA3CCD /* Products */;
			projectDirPath = "";
			projectRoot = "";
			targets = (
				649066DD2C5E35AD00BA3CCD /* VoltaserveApp */,
			);
		};
/* End PBXProject section */

/* Begin PBXResourcesBuildPhase section */
		649066DC2C5E35AD00BA3CCD /* Resources */ = {
			isa = PBXResourcesBuildPhase;
			buildActionMask = 2147483647;
			files = (
				64562B6C2C69EC2A00E10D97 /* .swiftformat in Resources */,
				64562B6D2C69EC2A00E10D97 /* .gitignore in Resources */,
				64562B6E2C69EC2A00E10D97 /* .swiftlint.yml in Resources */,
				64D0D97B2C8120E800B96180 /* IBM Plex Sans Var-Roman.ttf in Resources */,
				64D0D97C2C8120E800B96180 /* Unbounded-VariableFont_wght.ttf in Resources */,
				64562B6F2C69EC2A00E10D97 /* .swift-version in Resources */,
				649066E92C5E35AE00BA3CCD /* Preview Assets.xcassets in Resources */,
				649066E62C5E35AE00BA3CCD /* Assets.xcassets in Resources */,
			);
			runOnlyForDeploymentPostprocessing = 0;
		};
/* End PBXResourcesBuildPhase section */

/* Begin PBXSourcesBuildPhase section */
		649066DA2C5E35AD00BA3CCD /* Sources */ = {
			isa = PBXSourcesBuildPhase;
			buildActionMask = 2147483647;
			files = (
				649AED232C7FBE0F00DAAA0B /* MainView.swift in Sources */,
				649066E42C5E35AD00BA3CCD /* ContentView.swift in Sources */,
				649066E22C5E35AD00BA3CCD /* VoltaserveApp.swift in Sources */,
				64D0D9152C8103DF00B96180 /* Config.swift in Sources */,
			);
			runOnlyForDeploymentPostprocessing = 0;
		};
/* End PBXSourcesBuildPhase section */

/* Begin XCBuildConfiguration section */
		649066EA2C5E35AE00BA3CCD /* Debug */ = {
			isa = XCBuildConfiguration;
			buildSettings = {
				ALWAYS_SEARCH_USER_PATHS = NO;
				ASSETCATALOG_COMPILER_GENERATE_SWIFT_ASSET_SYMBOL_EXTENSIONS = YES;
				CLANG_ANALYZER_NONNULL = YES;
				CLANG_ANALYZER_NUMBER_OBJECT_CONVERSION = YES_AGGRESSIVE;
				CLANG_CXX_LANGUAGE_STANDARD = "gnu++20";
				CLANG_ENABLE_MODULES = YES;
				CLANG_ENABLE_OBJC_ARC = YES;
				CLANG_ENABLE_OBJC_WEAK = YES;
				CLANG_WARN_BLOCK_CAPTURE_AUTORELEASING = YES;
				CLANG_WARN_BOOL_CONVERSION = YES;
				CLANG_WARN_COMMA = YES;
				CLANG_WARN_CONSTANT_CONVERSION = YES;
				CLANG_WARN_DEPRECATED_OBJC_IMPLEMENTATIONS = YES;
				CLANG_WARN_DIRECT_OBJC_ISA_USAGE = YES_ERROR;
				CLANG_WARN_DOCUMENTATION_COMMENTS = YES;
				CLANG_WARN_EMPTY_BODY = YES;
				CLANG_WARN_ENUM_CONVERSION = YES;
				CLANG_WARN_INFINITE_RECURSION = YES;
				CLANG_WARN_INT_CONVERSION = YES;
				CLANG_WARN_NON_LITERAL_NULL_CONVERSION = YES;
				CLANG_WARN_OBJC_IMPLICIT_RETAIN_SELF = YES;
				CLANG_WARN_OBJC_LITERAL_CONVERSION = YES;
				CLANG_WARN_OBJC_ROOT_CLASS = YES_ERROR;
				CLANG_WARN_QUOTED_INCLUDE_IN_FRAMEWORK_HEADER = YES;
				CLANG_WARN_RANGE_LOOP_ANALYSIS = YES;
				CLANG_WARN_STRICT_PROTOTYPES = YES;
				CLANG_WARN_SUSPICIOUS_MOVE = YES;
				CLANG_WARN_UNGUARDED_AVAILABILITY = YES_AGGRESSIVE;
				CLANG_WARN_UNREACHABLE_CODE = YES;
				CLANG_WARN__DUPLICATE_METHOD_MATCH = YES;
				COPY_PHASE_STRIP = NO;
				DEBUG_INFORMATION_FORMAT = dwarf;
				ENABLE_STRICT_OBJC_MSGSEND = YES;
				ENABLE_TESTABILITY = YES;
				ENABLE_USER_SCRIPT_SANDBOXING = YES;
				GCC_C_LANGUAGE_STANDARD = gnu17;
				GCC_DYNAMIC_NO_PIC = NO;
				GCC_NO_COMMON_BLOCKS = YES;
				GCC_OPTIMIZATION_LEVEL = 0;
				GCC_PREPROCESSOR_DEFINITIONS = (
					"DEBUG=1",
					"$(inherited)",
				);
				GCC_WARN_64_TO_32_BIT_CONVERSION = YES;
				GCC_WARN_ABOUT_RETURN_TYPE = YES_ERROR;
				GCC_WARN_UNDECLARED_SELECTOR = YES;
				GCC_WARN_UNINITIALIZED_AUTOS = YES_AGGRESSIVE;
				GCC_WARN_UNUSED_FUNCTION = YES;
				GCC_WARN_UNUSED_VARIABLE = YES;
				IPHONEOS_DEPLOYMENT_TARGET = 17.5;
				LOCALIZATION_PREFERS_STRING_CATALOGS = YES;
				MTL_ENABLE_DEBUG_INFO = INCLUDE_SOURCE;
				MTL_FAST_MATH = YES;
				ONLY_ACTIVE_ARCH = YES;
				SDKROOT = iphoneos;
				SWIFT_ACTIVE_COMPILATION_CONDITIONS = "DEBUG $(inherited)";
				SWIFT_OPTIMIZATION_LEVEL = "-Onone";
			};
			name = Debug;
		};
		649066EB2C5E35AE00BA3CCD /* Release */ = {
			isa = XCBuildConfiguration;
			buildSettings = {
				ALWAYS_SEARCH_USER_PATHS = NO;
				ASSETCATALOG_COMPILER_GENERATE_SWIFT_ASSET_SYMBOL_EXTENSIONS = YES;
				CLANG_ANALYZER_NONNULL = YES;
				CLANG_ANALYZER_NUMBER_OBJECT_CONVERSION = YES_AGGRESSIVE;
				CLANG_CXX_LANGUAGE_STANDARD = "gnu++20";
				CLANG_ENABLE_MODULES = YES;
				CLANG_ENABLE_OBJC_ARC = YES;
				CLANG_ENABLE_OBJC_WEAK = YES;
				CLANG_WARN_BLOCK_CAPTURE_AUTORELEASING = YES;
				CLANG_WARN_BOOL_CONVERSION = YES;
				CLANG_WARN_COMMA = YES;
				CLANG_WARN_CONSTANT_CONVERSION = YES;
				CLANG_WARN_DEPRECATED_OBJC_IMPLEMENTATIONS = YES;
				CLANG_WARN_DIRECT_OBJC_ISA_USAGE = YES_ERROR;
				CLANG_WARN_DOCUMENTATION_COMMENTS = YES;
				CLANG_WARN_EMPTY_BODY = YES;
				CLANG_WARN_ENUM_CONVERSION = YES;
				CLANG_WARN_INFINITE_RECURSION = YES;
				CLANG_WARN_INT_CONVERSION = YES;
				CLANG_WARN_NON_LITERAL_NULL_CONVERSION = YES;
				CLANG_WARN_OBJC_IMPLICIT_RETAIN_SELF = YES;
				CLANG_WARN_OBJC_LITERAL_CONVERSION = YES;
				CLANG_WARN_OBJC_ROOT_CLASS = YES_ERROR;
				CLANG_WARN_QUOTED_INCLUDE_IN_FRAMEWORK_HEADER = YES;
				CLANG_WARN_RANGE_LOOP_ANALYSIS = YES;
				CLANG_WARN_STRICT_PROTOTYPES = YES;
				CLANG_WARN_SUSPICIOUS_MOVE = YES;
				CLANG_WARN_UNGUARDED_AVAILABILITY = YES_AGGRESSIVE;
				CLANG_WARN_UNREACHABLE_CODE = YES;
				CLANG_WARN__DUPLICATE_METHOD_MATCH = YES;
				COPY_PHASE_STRIP = NO;
				DEBUG_INFORMATION_FORMAT = "dwarf-with-dsym";
				ENABLE_NS_ASSERTIONS = NO;
				ENABLE_STRICT_OBJC_MSGSEND = YES;
				ENABLE_USER_SCRIPT_SANDBOXING = YES;
				GCC_C_LANGUAGE_STANDARD = gnu17;
				GCC_NO_COMMON_BLOCKS = YES;
				GCC_WARN_64_TO_32_BIT_CONVERSION = YES;
				GCC_WARN_ABOUT_RETURN_TYPE = YES_ERROR;
				GCC_WARN_UNDECLARED_SELECTOR = YES;
				GCC_WARN_UNINITIALIZED_AUTOS = YES_AGGRESSIVE;
				GCC_WARN_UNUSED_FUNCTION = YES;
				GCC_WARN_UNUSED_VARIABLE = YES;
				IPHONEOS_DEPLOYMENT_TARGET = 17.5;
				LOCALIZATION_PREFERS_STRING_CATALOGS = YES;
				MTL_ENABLE_DEBUG_INFO = NO;
				MTL_FAST_MATH = YES;
				SDKROOT = iphoneos;
				SWIFT_COMPILATION_MODE = wholemodule;
				VALIDATE_PRODUCT = YES;
			};
			name = Release;
		};
		649066ED2C5E35AE00BA3CCD /* Debug */ = {
			isa = XCBuildConfiguration;
			buildSettings = {
				ASSETCATALOG_COMPILER_APPICON_NAME = AppIcon;
				ASSETCATALOG_COMPILER_GLOBAL_ACCENT_COLOR_NAME = AccentColor;
				CODE_SIGN_STYLE = Automatic;
				CURRENT_PROJECT_VERSION = 1;
				DEVELOPMENT_ASSET_PATHS = "\"Preview Content\"";
				DEVELOPMENT_TEAM = 945C8BFVW3;
				ENABLE_PREVIEWS = YES;
				ENABLE_USER_SCRIPT_SANDBOXING = NO;
				GENERATE_INFOPLIST_FILE = YES;
				INFOPLIST_FILE = "VoltaserveApp-Info.plist";
				INFOPLIST_KEY_CFBundleDisplayName = Voltaserve;
				INFOPLIST_KEY_UIApplicationSceneManifest_Generation = YES;
				INFOPLIST_KEY_UIApplicationSupportsIndirectInputEvents = YES;
				INFOPLIST_KEY_UILaunchScreen_Generation = YES;
				INFOPLIST_KEY_UISupportedInterfaceOrientations_iPad = "UIInterfaceOrientationPortrait UIInterfaceOrientationPortraitUpsideDown UIInterfaceOrientationLandscapeLeft UIInterfaceOrientationLandscapeRight";
				INFOPLIST_KEY_UISupportedInterfaceOrientations_iPhone = "UIInterfaceOrientationPortrait UIInterfaceOrientationLandscapeLeft UIInterfaceOrientationLandscapeRight";
				IPHONEOS_DEPLOYMENT_TARGET = 18.0;
				LD_RUNPATH_SEARCH_PATHS = (
					"$(inherited)",
					"@executable_path/Frameworks",
				);
				MARKETING_VERSION = 1.0;
				PRODUCT_BUNDLE_IDENTIFIER = com.koupr.Voltaserve;
				PRODUCT_MODULE_NAME = "$(PRODUCT_NAME:c99extidentifier)App";
				PRODUCT_NAME = "$(TARGET_NAME)";
				SWIFT_EMIT_LOC_STRINGS = YES;
				SWIFT_VERSION = 5.0;
				TARGETED_DEVICE_FAMILY = "1,2";
			};
			name = Debug;
		};
		649066EE2C5E35AE00BA3CCD /* Release */ = {
			isa = XCBuildConfiguration;
			buildSettings = {
				ASSETCATALOG_COMPILER_APPICON_NAME = AppIcon;
				ASSETCATALOG_COMPILER_GLOBAL_ACCENT_COLOR_NAME = AccentColor;
				CODE_SIGN_STYLE = Automatic;
				CURRENT_PROJECT_VERSION = 1;
				DEVELOPMENT_ASSET_PATHS = "\"Preview Content\"";
				DEVELOPMENT_TEAM = 945C8BFVW3;
				ENABLE_PREVIEWS = YES;
				ENABLE_USER_SCRIPT_SANDBOXING = NO;
				GENERATE_INFOPLIST_FILE = YES;
				INFOPLIST_FILE = "VoltaserveApp-Info.plist";
				INFOPLIST_KEY_CFBundleDisplayName = Voltaserve;
				INFOPLIST_KEY_UIApplicationSceneManifest_Generation = YES;
				INFOPLIST_KEY_UIApplicationSupportsIndirectInputEvents = YES;
				INFOPLIST_KEY_UILaunchScreen_Generation = YES;
				INFOPLIST_KEY_UISupportedInterfaceOrientations_iPad = "UIInterfaceOrientationPortrait UIInterfaceOrientationPortraitUpsideDown UIInterfaceOrientationLandscapeLeft UIInterfaceOrientationLandscapeRight";
				INFOPLIST_KEY_UISupportedInterfaceOrientations_iPhone = "UIInterfaceOrientationPortrait UIInterfaceOrientationLandscapeLeft UIInterfaceOrientationLandscapeRight";
				IPHONEOS_DEPLOYMENT_TARGET = 18.0;
				LD_RUNPATH_SEARCH_PATHS = (
					"$(inherited)",
					"@executable_path/Frameworks",
				);
				MARKETING_VERSION = 1.0;
				PRODUCT_BUNDLE_IDENTIFIER = com.koupr.Voltaserve;
				PRODUCT_MODULE_NAME = "$(PRODUCT_NAME:c99extidentifier)App";
				PRODUCT_NAME = "$(TARGET_NAME)";
				SWIFT_EMIT_LOC_STRINGS = YES;
				SWIFT_VERSION = 5.0;
				TARGETED_DEVICE_FAMILY = "1,2";
			};
			name = Release;
		};
/* End XCBuildConfiguration section */

/* Begin XCConfigurationList section */
		649066D92C5E35AD00BA3CCD /* Build configuration list for PBXProject "Voltaserve" */ = {
			isa = XCConfigurationList;
			buildConfigurations = (
				649066EA2C5E35AE00BA3CCD /* Debug */,
				649066EB2C5E35AE00BA3CCD /* Release */,
			);
			defaultConfigurationIsVisible = 0;
			defaultConfigurationName = Release;
		};
		649066EC2C5E35AE00BA3CCD /* Build configuration list for PBXNativeTarget "VoltaserveApp" */ = {
			isa = XCConfigurationList;
			buildConfigurations = (
				649066ED2C5E35AE00BA3CCD /* Debug */,
				649066EE2C5E35AE00BA3CCD /* Release */,
			);
			defaultConfigurationIsVisible = 0;
			defaultConfigurationName = Release;
		};
/* End XCConfigurationList section */

/* Begin XCRemoteSwiftPackageReference section */
		649067032C60979900BA3CCD /* XCRemoteSwiftPackageReference "GLTFKit2" */ = {
			isa = XCRemoteSwiftPackageReference;
			repositoryURL = "https://github.com/warrenm/GLTFKit2.git";
			requirement = {
				kind = upToNextMajorVersion;
				minimumVersion = 0.5.11;
			};
		};
		64FD0A612C6F59790091E4CB /* XCRemoteSwiftPackageReference "voltaserve-swift" */ = {
			isa = XCRemoteSwiftPackageReference;
			repositoryURL = "https://github.com/kouprlabs/voltaserve-swift.git";
			requirement = {
				branch = main;
				kind = branch;
			};
		};
/* End XCRemoteSwiftPackageReference section */

/* Begin XCSwiftPackageProductDependency section */
		649067042C60979900BA3CCD /* GLTFKit2 */ = {
			isa = XCSwiftPackageProductDependency;
			package = 649067032C60979900BA3CCD /* XCRemoteSwiftPackageReference "GLTFKit2" */;
			productName = GLTFKit2;
		};
		64FD0A622C6F59790091E4CB /* Voltaserve */ = {
			isa = XCSwiftPackageProductDependency;
			package = 64FD0A612C6F59790091E4CB /* XCRemoteSwiftPackageReference "voltaserve-swift" */;
			productName = Voltaserve;
		};
/* End XCSwiftPackageProductDependency section */
	};
	rootObject = 649066D62C5E35AD00BA3CCD /* Project object */;
}
