{
  "originHash" : "439ab86b420d70774d1e105145fd8adfc90175c9d3700087ff0e150d10193d2a",
  "pins" : [
    {
      "identity" : "gltfkit2",
      "kind" : "remoteSourceControl",
      "location" : "https://github.com/warrenm/GLTFKit2.git",
      "state" : {
        "revision" : "0e399286a29580a6f3c0f49aa01075b5c43a9ce2",
        "version" : "0.5.11"
      }
    },
    {
      "identity" : "voltaserve-swift",
      "kind" : "remoteSourceControl",
      "location" : "https://github.com/kouprlabs/voltaserve-swift.git",
      "state" : {
        "branch" : "main",
        "revision" : "01d31891aeeae754003dd5a2dc987fd2c1f26f96"
      }
    }
  ],
  "version" : 3
}
