{
  "originHash" : "1f99ee1bd55bcdcf5746ffa2182f2ce184e68b0d312ae67d273c171578880ee3",
  "pins" : [
    {
      "identity" : "gltfkit2",
      "kind" : "remoteSourceControl",
      "location" : "https://github.com/warrenm/GLTFKit2.git",
      "state" : {
        "revision" : "9560ee71d9741429336b19866a242061d65d1afd",
        "version" : "0.5.13"
      }
    },
    {
      "identity" : "kingfisher",
      "kind" : "remoteSourceControl",
      "location" : "https://github.com/onevcat/Kingfisher.git",
      "state" : {
        "revision" : "7deda23bbdca612076c5c315003d8638a08ed0f1",
        "version" : "8.3.2"
      }
    }
  ],
  "version" : 3
}
