{
  "originHash" : "17a73bae12bf2c991acb0b3a463178b7dbfa1bf41002a5caf40823bd2fc094b4",
  "pins" : [
    {
      "identity" : "alamofire",
      "kind" : "remoteSourceControl",
      "location" : "https://github.com/Alamofire/Alamofire.git",
      "state" : {
        "revision" : "f455c2975872ccd2d9c81594c658af65716e9b9a",
        "version" : "5.9.1"
      }
    },
    {
      "identity" : "gltfkit2",
      "kind" : "remoteSourceControl",
      "location" : "https://github.com/warrenm/GLTFKit2.git",
      "state" : {
        "revision" : "0e399286a29580a6f3c0f49aa01075b5c43a9ce2",
        "version" : "0.5.11"
      }
    }
  ],
  "version" : 3
}
