{
  "originHash" : "1f99ee1bd55bcdcf5746ffa2182f2ce184e68b0d312ae67d273c171578880ee3",
  "pins" : [
    {
      "identity" : "gltfkit2",
      "kind" : "remoteSourceControl",
      "location" : "https://github.com/warrenm/GLTFKit2.git",
      "state" : {
        "revision" : "9560ee71d9741429336b19866a242061d65d1afd",
        "version" : "0.5.13"
      }
    },
    {
      "identity" : "kingfisher",
      "kind" : "remoteSourceControl",
      "location" : "https://github.com/onevcat/Kingfisher.git",
      "state" : {
        "revision" : "010a06c4387cea2d13606222b6c08e0454e6dd2d",
        "version" : "8.3.3"
      }
    },
    {
      "identity" : "voltaserve-core",
      "kind" : "remoteSourceControl",
      "location" : "https://github.com/kouprlabs/voltaserve-core.git",
      "state" : {
        "branch" : "main",
        "revision" : "7c04c61686266e5dbc3a88dc353d9bba835cff6d"
      }
    }
  ],
  "version" : 3
}
