{
  "originHash" : "5d286d3227d2db2ac9f2cd3b8dd9e60c0414fc87be44c6edfa9aa2499b3124e7",
  "pins" : [
    {
      "identity" : "gltfkit2",
      "kind" : "remoteSourceControl",
      "location" : "https://github.com/warrenm/GLTFKit2.git",
      "state" : {
        "revision" : "9560ee71d9741429336b19866a242061d65d1afd",
        "version" : "0.5.13"
      }
    },
    {
      "identity" : "kingfisher",
      "kind" : "remoteSourceControl",
      "location" : "https://github.com/onevcat/Kingfisher.git",
      "state" : {
        "revision" : "010a06c4387cea2d13606222b6c08e0454e6dd2d",
        "version" : "8.3.3"
      }
    },
    {
      "identity" : "voltaserve-core",
      "kind" : "remoteSourceControl",
      "location" : "https://github.com/kouprlabs/voltaserve-core.git",
      "state" : {
        "branch" : "main",
        "revision" : "bf8a3ca71d9aae1aaa323243198985c72cc26bec"
      }
    }
  ],
  "version" : 3
}
